
Microsoft Visual Studio Solution File, Format Version 12.00
# Visual Studio 14
VisualStudioVersion = 14.0.24720.0
MinimumVisualStudioVersion = 10.0.40219.1
Project("{FAE04EC0-301F-11D3-BF4B-00C04F79EFBC}") = "zavit.Web.Mvc", "zavit.Web.Mvc\zavit.Web.Mvc.csproj", "{C83F862C-9393-40C4-A64C-94F6AB6A27E6}"
EndProject
Project("{FAE04EC0-301F-11D3-BF4B-00C04F79EFBC}") = "zavit.Web.Api", "zavit.Web.Api\zavit.Web.Api.csproj", "{9444EBBA-5391-418A-8D38-FD7DE96435C8}"
EndProject
Project("{2150E333-8FDC-42A3-9474-1A3956D46DE8}") = "Presentation", "Presentation", "{C1DF20B3-52C6-40EF-8727-3B229320451A}"
EndProject
Project("{2150E333-8FDC-42A3-9474-1A3956D46DE8}") = "Tests", "Tests", "{8AE6A0C8-4C48-4602-B9AB-D3EF4D3D5749}"
EndProject
Project("{FAE04EC0-301F-11D3-BF4B-00C04F79EFBC}") = "zavit.Web.Api.Tests", "zavit.Web.Api.Tests\zavit.Web.Api.Tests.csproj", "{54539A5A-5DE2-463A-9C09-88BCB95DFE39}"
EndProject
Project("{2150E333-8FDC-42A3-9474-1A3956D46DE8}") = "Domain", "Domain", "{ED41EFEC-6FE0-4519-A1FA-C9C658168E1A}"
EndProject
Project("{FAE04EC0-301F-11D3-BF4B-00C04F79EFBC}") = "zavit.Domain.Places", "zavit.Domain.Places\zavit.Domain.Places.csproj", "{0A2E19AE-C5B9-47FB-8ADD-315D6A35D269}"
EndProject
Project("{2150E333-8FDC-42A3-9474-1A3956D46DE8}") = "Infrastructure", "Infrastructure", "{B6124150-90BB-4DE1-87F6-925197544E2C}"
EndProject
Project("{FAE04EC0-301F-11D3-BF4B-00C04F79EFBC}") = "zavit.Infrastructure.Ioc", "zavit.Infrastructure.Ioc\zavit.Infrastructure.Ioc.csproj", "{BB621111-7038-4E5D-B88B-1A54580F28F4}"
EndProject
Global
	GlobalSection(SolutionConfigurationPlatforms) = preSolution
		Debug|Any CPU = Debug|Any CPU
		Debug|ARM = Debug|ARM
		Debug|x64 = Debug|x64
		Debug|x86 = Debug|x86
		Release|Any CPU = Release|Any CPU
		Release|ARM = Release|ARM
		Release|x64 = Release|x64
		Release|x86 = Release|x86
	EndGlobalSection
	GlobalSection(ProjectConfigurationPlatforms) = postSolution
		{C83F862C-9393-40C4-A64C-94F6AB6A27E6}.Debug|Any CPU.ActiveCfg = Debug|Any CPU
		{C83F862C-9393-40C4-A64C-94F6AB6A27E6}.Debug|Any CPU.Build.0 = Debug|Any CPU
		{C83F862C-9393-40C4-A64C-94F6AB6A27E6}.Debug|ARM.ActiveCfg = Debug|Any CPU
		{C83F862C-9393-40C4-A64C-94F6AB6A27E6}.Debug|ARM.Build.0 = Debug|Any CPU
		{C83F862C-9393-40C4-A64C-94F6AB6A27E6}.Debug|x64.ActiveCfg = Debug|Any CPU
		{C83F862C-9393-40C4-A64C-94F6AB6A27E6}.Debug|x64.Build.0 = Debug|Any CPU
		{C83F862C-9393-40C4-A64C-94F6AB6A27E6}.Debug|x86.ActiveCfg = Debug|Any CPU
		{C83F862C-9393-40C4-A64C-94F6AB6A27E6}.Debug|x86.Build.0 = Debug|Any CPU
		{C83F862C-9393-40C4-A64C-94F6AB6A27E6}.Release|Any CPU.ActiveCfg = Release|Any CPU
		{C83F862C-9393-40C4-A64C-94F6AB6A27E6}.Release|Any CPU.Build.0 = Release|Any CPU
		{C83F862C-9393-40C4-A64C-94F6AB6A27E6}.Release|ARM.ActiveCfg = Release|Any CPU
		{C83F862C-9393-40C4-A64C-94F6AB6A27E6}.Release|ARM.Build.0 = Release|Any CPU
		{C83F862C-9393-40C4-A64C-94F6AB6A27E6}.Release|x64.ActiveCfg = Release|Any CPU
		{C83F862C-9393-40C4-A64C-94F6AB6A27E6}.Release|x64.Build.0 = Release|Any CPU
		{C83F862C-9393-40C4-A64C-94F6AB6A27E6}.Release|x86.ActiveCfg = Release|Any CPU
		{C83F862C-9393-40C4-A64C-94F6AB6A27E6}.Release|x86.Build.0 = Release|Any CPU
		{9444EBBA-5391-418A-8D38-FD7DE96435C8}.Debug|Any CPU.ActiveCfg = Debug|Any CPU
		{9444EBBA-5391-418A-8D38-FD7DE96435C8}.Debug|Any CPU.Build.0 = Debug|Any CPU
		{9444EBBA-5391-418A-8D38-FD7DE96435C8}.Debug|ARM.ActiveCfg = Debug|Any CPU
		{9444EBBA-5391-418A-8D38-FD7DE96435C8}.Debug|ARM.Build.0 = Debug|Any CPU
		{9444EBBA-5391-418A-8D38-FD7DE96435C8}.Debug|x64.ActiveCfg = Debug|Any CPU
		{9444EBBA-5391-418A-8D38-FD7DE96435C8}.Debug|x64.Build.0 = Debug|Any CPU
		{9444EBBA-5391-418A-8D38-FD7DE96435C8}.Debug|x86.ActiveCfg = Debug|Any CPU
		{9444EBBA-5391-418A-8D38-FD7DE96435C8}.Debug|x86.Build.0 = Debug|Any CPU
		{9444EBBA-5391-418A-8D38-FD7DE96435C8}.Release|Any CPU.ActiveCfg = Release|Any CPU
		{9444EBBA-5391-418A-8D38-FD7DE96435C8}.Release|Any CPU.Build.0 = Release|Any CPU
		{9444EBBA-5391-418A-8D38-FD7DE96435C8}.Release|ARM.ActiveCfg = Release|Any CPU
		{9444EBBA-5391-418A-8D38-FD7DE96435C8}.Release|ARM.Build.0 = Release|Any CPU
		{9444EBBA-5391-418A-8D38-FD7DE96435C8}.Release|x64.ActiveCfg = Release|Any CPU
		{9444EBBA-5391-418A-8D38-FD7DE96435C8}.Release|x64.Build.0 = Release|Any CPU
		{9444EBBA-5391-418A-8D38-FD7DE96435C8}.Release|x86.ActiveCfg = Release|Any CPU
		{9444EBBA-5391-418A-8D38-FD7DE96435C8}.Release|x86.Build.0 = Release|Any CPU
		{54539A5A-5DE2-463A-9C09-88BCB95DFE39}.Debug|Any CPU.ActiveCfg = Debug|Any CPU
		{54539A5A-5DE2-463A-9C09-88BCB95DFE39}.Debug|Any CPU.Build.0 = Debug|Any CPU
		{54539A5A-5DE2-463A-9C09-88BCB95DFE39}.Debug|ARM.ActiveCfg = Debug|Any CPU
		{54539A5A-5DE2-463A-9C09-88BCB95DFE39}.Debug|ARM.Build.0 = Debug|Any CPU
		{54539A5A-5DE2-463A-9C09-88BCB95DFE39}.Debug|x64.ActiveCfg = Debug|Any CPU
		{54539A5A-5DE2-463A-9C09-88BCB95DFE39}.Debug|x64.Build.0 = Debug|Any CPU
		{54539A5A-5DE2-463A-9C09-88BCB95DFE39}.Debug|x86.ActiveCfg = Debug|Any CPU
		{54539A5A-5DE2-463A-9C09-88BCB95DFE39}.Debug|x86.Build.0 = Debug|Any CPU
		{54539A5A-5DE2-463A-9C09-88BCB95DFE39}.Release|Any CPU.ActiveCfg = Release|Any CPU
		{54539A5A-5DE2-463A-9C09-88BCB95DFE39}.Release|Any CPU.Build.0 = Release|Any CPU
		{54539A5A-5DE2-463A-9C09-88BCB95DFE39}.Release|ARM.ActiveCfg = Release|Any CPU
		{54539A5A-5DE2-463A-9C09-88BCB95DFE39}.Release|ARM.Build.0 = Release|Any CPU
		{54539A5A-5DE2-463A-9C09-88BCB95DFE39}.Release|x64.ActiveCfg = Release|Any CPU
		{54539A5A-5DE2-463A-9C09-88BCB95DFE39}.Release|x64.Build.0 = Release|Any CPU
		{54539A5A-5DE2-463A-9C09-88BCB95DFE39}.Release|x86.ActiveCfg = Release|Any CPU
		{54539A5A-5DE2-463A-9C09-88BCB95DFE39}.Release|x86.Build.0 = Release|Any CPU
		{0A2E19AE-C5B9-47FB-8ADD-315D6A35D269}.Debug|Any CPU.ActiveCfg = Debug|Any CPU
		{0A2E19AE-C5B9-47FB-8ADD-315D6A35D269}.Debug|Any CPU.Build.0 = Debug|Any CPU
		{0A2E19AE-C5B9-47FB-8ADD-315D6A35D269}.Debug|ARM.ActiveCfg = Debug|Any CPU
		{0A2E19AE-C5B9-47FB-8ADD-315D6A35D269}.Debug|ARM.Build.0 = Debug|Any CPU
		{0A2E19AE-C5B9-47FB-8ADD-315D6A35D269}.Debug|x64.ActiveCfg = Debug|Any CPU
		{0A2E19AE-C5B9-47FB-8ADD-315D6A35D269}.Debug|x64.Build.0 = Debug|Any CPU
		{0A2E19AE-C5B9-47FB-8ADD-315D6A35D269}.Debug|x86.ActiveCfg = Debug|Any CPU
		{0A2E19AE-C5B9-47FB-8ADD-315D6A35D269}.Debug|x86.Build.0 = Debug|Any CPU
		{0A2E19AE-C5B9-47FB-8ADD-315D6A35D269}.Release|Any CPU.ActiveCfg = Release|Any CPU
		{0A2E19AE-C5B9-47FB-8ADD-315D6A35D269}.Release|Any CPU.Build.0 = Release|Any CPU
		{0A2E19AE-C5B9-47FB-8ADD-315D6A35D269}.Release|ARM.ActiveCfg = Release|Any CPU
		{0A2E19AE-C5B9-47FB-8ADD-315D6A35D269}.Release|ARM.Build.0 = Release|Any CPU
		{0A2E19AE-C5B9-47FB-8ADD-315D6A35D269}.Release|x64.ActiveCfg = Release|Any CPU
		{0A2E19AE-C5B9-47FB-8ADD-315D6A35D269}.Release|x64.Build.0 = Release|Any CPU
		{0A2E19AE-C5B9-47FB-8ADD-315D6A35D269}.Release|x86.ActiveCfg = Release|Any CPU
		{0A2E19AE-C5B9-47FB-8ADD-315D6A35D269}.Release|x86.Build.0 = Release|Any CPU
		{BB621111-7038-4E5D-B88B-1A54580F28F4}.Debug|Any CPU.ActiveCfg = Debug|Any CPU
		{BB621111-7038-4E5D-B88B-1A54580F28F4}.Debug|Any CPU.Build.0 = Debug|Any CPU
		{BB621111-7038-4E5D-B88B-1A54580F28F4}.Debug|ARM.ActiveCfg = Debug|Any CPU
		{BB621111-7038-4E5D-B88B-1A54580F28F4}.Debug|ARM.Build.0 = Debug|Any CPU
		{BB621111-7038-4E5D-B88B-1A54580F28F4}.Debug|x64.ActiveCfg = Debug|Any CPU
		{BB621111-7038-4E5D-B88B-1A54580F28F4}.Debug|x64.Build.0 = Debug|Any CPU
		{BB621111-7038-4E5D-B88B-1A54580F28F4}.Debug|x86.ActiveCfg = Debug|Any CPU
		{BB621111-7038-4E5D-B88B-1A54580F28F4}.Debug|x86.Build.0 = Debug|Any CPU
		{BB621111-7038-4E5D-B88B-1A54580F28F4}.Release|Any CPU.ActiveCfg = Release|Any CPU
		{BB621111-7038-4E5D-B88B-1A54580F28F4}.Release|Any CPU.Build.0 = Release|Any CPU
		{BB621111-7038-4E5D-B88B-1A54580F28F4}.Release|ARM.ActiveCfg = Release|Any CPU
		{BB621111-7038-4E5D-B88B-1A54580F28F4}.Release|ARM.Build.0 = Release|Any CPU
		{BB621111-7038-4E5D-B88B-1A54580F28F4}.Release|x64.ActiveCfg = Release|Any CPU
		{BB621111-7038-4E5D-B88B-1A54580F28F4}.Release|x64.Build.0 = Release|Any CPU
		{BB621111-7038-4E5D-B88B-1A54580F28F4}.Release|x86.ActiveCfg = Release|Any CPU
		{BB621111-7038-4E5D-B88B-1A54580F28F4}.Release|x86.Build.0 = Release|Any CPU
	EndGlobalSection
	GlobalSection(SolutionProperties) = preSolution
		HideSolutionNode = FALSE
	EndGlobalSection
	GlobalSection(NestedProjects) = preSolution
		{C83F862C-9393-40C4-A64C-94F6AB6A27E6} = {C1DF20B3-52C6-40EF-8727-3B229320451A}
		{9444EBBA-5391-418A-8D38-FD7DE96435C8} = {C1DF20B3-52C6-40EF-8727-3B229320451A}
		{54539A5A-5DE2-463A-9C09-88BCB95DFE39} = {8AE6A0C8-4C48-4602-B9AB-D3EF4D3D5749}
		{0A2E19AE-C5B9-47FB-8ADD-315D6A35D269} = {ED41EFEC-6FE0-4519-A1FA-C9C658168E1A}
		{BB621111-7038-4E5D-B88B-1A54580F28F4} = {B6124150-90BB-4DE1-87F6-925197544E2C}
	EndGlobalSection
EndGlobal
