
Microsoft Visual Studio Solution File, Format Version 12.00
# Visual Studio 14
VisualStudioVersion = 14.0.25420.1
MinimumVisualStudioVersion = 10.0.40219.1
Project("{FAE04EC0-301F-11D3-BF4B-00C04F79EFBC}") = "zavit.Web.Mvc", "zavit.Web.Mvc\zavit.Web.Mvc.csproj", "{C83F862C-9393-40C4-A64C-94F6AB6A27E6}"
EndProject
Project("{FAE04EC0-301F-11D3-BF4B-00C04F79EFBC}") = "zavit.Web.Api", "zavit.Web.Api\zavit.Web.Api.csproj", "{9444EBBA-5391-418A-8D38-FD7DE96435C8}"
EndProject
Project("{2150E333-8FDC-42A3-9474-1A3956D46DE8}") = "Presentation", "Presentation", "{C1DF20B3-52C6-40EF-8727-3B229320451A}"
EndProject
Project("{2150E333-8FDC-42A3-9474-1A3956D46DE8}") = "Tests", "Tests", "{8AE6A0C8-4C48-4602-B9AB-D3EF4D3D5749}"
EndProject
Project("{FAE04EC0-301F-11D3-BF4B-00C04F79EFBC}") = "zavit.Web.Api.Tests", "zavit.Web.Api.Tests\zavit.Web.Api.Tests.csproj", "{54539A5A-5DE2-463A-9C09-88BCB95DFE39}"
EndProject
Project("{2150E333-8FDC-42A3-9474-1A3956D46DE8}") = "Domain", "Domain", "{ED41EFEC-6FE0-4519-A1FA-C9C658168E1A}"
EndProject
Project("{2150E333-8FDC-42A3-9474-1A3956D46DE8}") = "Infrastructure", "Infrastructure", "{B6124150-90BB-4DE1-87F6-925197544E2C}"
EndProject
Project("{FAE04EC0-301F-11D3-BF4B-00C04F79EFBC}") = "zavit.Infrastructure.Ioc", "zavit.Infrastructure.Ioc\zavit.Infrastructure.Ioc.csproj", "{BB621111-7038-4E5D-B88B-1A54580F28F4}"
EndProject
Project("{2150E333-8FDC-42A3-9474-1A3956D46DE8}") = "Presentation", "Presentation", "{25BAEB40-3C1A-4237-A37F-EAABCFE81C72}"
EndProject
Project("{2150E333-8FDC-42A3-9474-1A3956D46DE8}") = "Domain", "Domain", "{30D2A33B-4668-4E3D-B2E9-C2408A4AE798}"
EndProject
Project("{FAE04EC0-301F-11D3-BF4B-00C04F79EFBC}") = "zavit.Infrastructure.Places", "zavit.Infrastructure.Places\zavit.Infrastructure.Places.csproj", "{644F8521-635E-4CCB-A256-96B17CB37894}"
EndProject
Project("{2150E333-8FDC-42A3-9474-1A3956D46DE8}") = "Infrastructure", "Infrastructure", "{08FDB537-513B-4E80-A5F9-C52A63B529B4}"
EndProject
Project("{FAE04EC0-301F-11D3-BF4B-00C04F79EFBC}") = "zavit.Infrastructure.Places.Tests", "zavit.Infrastructure.Places.Tests\zavit.Infrastructure.Places.Tests.csproj", "{BED315FF-28A6-46F4-9AA3-27C8AA655BBD}"
EndProject
Project("{FAE04EC0-301F-11D3-BF4B-00C04F79EFBC}") = "zavit.Infrastructure.Core", "zavit.Infrastructure.Core\zavit.Infrastructure.Core.csproj", "{0197D1C2-74B2-4B94-8DB7-97AF3976F1E1}"
EndProject
Project("{FAE04EC0-301F-11D3-BF4B-00C04F79EFBC}") = "zavit.Domain.Venues", "zavit.Domain.Venues\zavit.Domain.Venues.csproj", "{7A07D33B-2647-47D3-A948-BAA42E78B1E9}"
EndProject
Project("{FAE04EC0-301F-11D3-BF4B-00C04F79EFBC}") = "zavit.Domain.Venues.Tests", "zavit.Domain.Venues.Tests\zavit.Domain.Venues.Tests.csproj", "{3EC23D3F-9D60-462B-B978-740740505117}"
EndProject
Project("{FAE04EC0-301F-11D3-BF4B-00C04F79EFBC}") = "zavit.Infrastructure.Orm", "zavit.Infrastructure.Orm\zavit.Infrastructure.Orm.csproj", "{67C23B94-0318-4507-AD94-08BD1E288FB9}"
EndProject
Project("{FAE04EC0-301F-11D3-BF4B-00C04F79EFBC}") = "zavit.Domain.Shared", "zavit.Domain.Shared\zavit.Domain.Shared.csproj", "{1AD7901A-C93A-4B3B-AF9B-E48A30AEEE28}"
EndProject
Project("{FAE04EC0-301F-11D3-BF4B-00C04F79EFBC}") = "zavit.Infrastructure.Database", "zavit.Infrastructure.Database\zavit.Infrastructure.Database.csproj", "{7F7C3FA6-02EA-43DB-830C-A2968CBD781A}"
EndProject
Project("{FAE04EC0-301F-11D3-BF4B-00C04F79EFBC}") = "zavit.Web.Core", "zavit.Web.Core\zavit.Web.Core.csproj", "{0E38A1F3-78ED-4F45-B696-A71E178878EF}"
EndProject
Project("{FAE04EC0-301F-11D3-BF4B-00C04F79EFBC}") = "zavit.Domain.Accounts", "zavit.Domain.Accounts\zavit.Domain.Accounts.csproj", "{259C3E7D-116D-4F3D-AC24-53C4D44F308A}"
EndProject
Project("{FAE04EC0-301F-11D3-BF4B-00C04F79EFBC}") = "zavit.Infrastructure.Accounts", "zavit.Infrastructure.Accounts\zavit.Infrastructure.Accounts.csproj", "{06595C4B-874B-4060-924B-D30C57C0BE45}"
EndProject
Project("{FAE04EC0-301F-11D3-BF4B-00C04F79EFBC}") = "zavit.Domain.Accounts.Tests", "zavit.Domain.Accounts.Tests\zavit.Domain.Accounts.Tests.csproj", "{EC6FC46E-4DC0-4C02-BDED-A5E282814A47}"
EndProject
Project("{FAE04EC0-301F-11D3-BF4B-00C04F79EFBC}") = "zavit.Domain.Clients", "zavit.Domain.Clients\zavit.Domain.Clients.csproj", "{FF10BC40-A0AA-42B1-9560-D9D5DF1F2871}"
EndProject
Project("{FAE04EC0-301F-11D3-BF4B-00C04F79EFBC}") = "zavit.Infrastructure.Clients", "zavit.Infrastructure.Clients\zavit.Infrastructure.Clients.csproj", "{17F0F9FE-0D3E-467E-9B7B-F492B31F315A}"
EndProject
Project("{FAE04EC0-301F-11D3-BF4B-00C04F79EFBC}") = "zavit.Domain.Clients.Tests", "zavit.Domain.Clients.Tests\zavit.Domain.Clients.Tests.csproj", "{6910B861-F85D-4D2C-B4BF-D3FABC079DB0}"
EndProject
Project("{FAE04EC0-301F-11D3-BF4B-00C04F79EFBC}") = "zavit.Domain.ExternalAccounts", "zavit.Domain.ExternalAccounts\zavit.Domain.ExternalAccounts.csproj", "{7EDFE7C9-2268-43AF-A262-30650B626E0A}"
EndProject
Project("{FAE04EC0-301F-11D3-BF4B-00C04F79EFBC}") = "zavit.Infrastructure.ExternalAccounts", "zavit.Infrastructure.ExternalAccounts\zavit.Infrastructure.ExternalAccounts.csproj", "{DB40454F-F790-4F1D-8CB4-A4696F62F5FD}"
EndProject
Project("{FAE04EC0-301F-11D3-BF4B-00C04F79EFBC}") = "zavit.Web.Authorization", "zavit.Web.Authorization\zavit.Web.Authorization.csproj", "{B036D724-C8E6-4649-8706-31FB52AB799B}"
EndProject
Project("{FAE04EC0-301F-11D3-BF4B-00C04F79EFBC}") = "zavit.Domain.ExternalAccounts.Tests", "zavit.Domain.ExternalAccounts.Tests\zavit.Domain.ExternalAccounts.Tests.csproj", "{D4CA68D8-F34E-4045-A572-C16421998CF6}"
EndProject
Project("{FAE04EC0-301F-11D3-BF4B-00C04F79EFBC}") = "zavit.Domain.Activities", "zavit.Domain.Activities\zavit.Domain.Activities.csproj", "{2CD77DC8-CB42-4619-8887-AE3C2C64CC64}"
EndProject
Project("{FAE04EC0-301F-11D3-BF4B-00C04F79EFBC}") = "zavit.Infrastructure.Activities", "zavit.Infrastructure.Activities\zavit.Infrastructure.Activities.csproj", "{6E6BC9F9-DC62-44F5-A6F5-EF06C0189D09}"
EndProject
Project("{FAE04EC0-301F-11D3-BF4B-00C04F79EFBC}") = "zavit.Infrastructure.Venues", "zavit.Infrastructure.Venues\zavit.Infrastructure.Venues.csproj", "{E79F46E1-217C-49F3-9D10-874E91C874EF}"
EndProject
Project("{FAE04EC0-301F-11D3-BF4B-00C04F79EFBC}") = "zavit.Domain.VenueMemberships", "zavit.Domain.VenueMemberships\zavit.Domain.VenueMemberships.csproj", "{BD4A859E-B7BD-4D6A-B579-87C3C1746114}"
EndProject
Project("{FAE04EC0-301F-11D3-BF4B-00C04F79EFBC}") = "zavit.Domain.VenueMemberships.Tests", "zavit.Domain.VenueMemberships.Tests\zavit.Domain.VenueMemberships.Tests.csproj", "{7482525F-2DC4-400A-B83E-B21D3920440F}"
EndProject
Project("{FAE04EC0-301F-11D3-BF4B-00C04F79EFBC}") = "zavit.Infrastructure.VenueMemberships", "zavit.Infrastructure.VenueMemberships\zavit.Infrastructure.VenueMemberships.csproj", "{26F89347-9092-4EC6-8858-4E08E8918592}"
EndProject
Project("{FAE04EC0-301F-11D3-BF4B-00C04F79EFBC}") = "zavit.Infrastructure.Core.Tests", "zavit.Infrastructure.Core.Tests\zavit.Infrastructure.Core.Tests.csproj", "{37E9AF99-5522-4C96-BF79-386BB70AA930}"
EndProject
Project("{FAE04EC0-301F-11D3-BF4B-00C04F79EFBC}") = "zavit.Domain.Messaging", "zavit.Domain.Messaging\zavit.Domain.Messaging.csproj", "{5373CB15-71E6-44A9-88F6-6A84686E36C9}"
EndProject
Project("{FAE04EC0-301F-11D3-BF4B-00C04F79EFBC}") = "zavit.Domain.Messaging.Tests", "zavit.Domain.Messaging.Tests\zavit.Domain.Messaging.Tests.csproj", "{B8FB6D69-81AE-4BD6-AB52-0F96B14DC901}"
EndProject
Project("{FAE04EC0-301F-11D3-BF4B-00C04F79EFBC}") = "zavit.Infrastructure.Messaging", "zavit.Infrastructure.Messaging\zavit.Infrastructure.Messaging.csproj", "{C934A74E-F5A1-45F1-8444-B943CA0DD521}"
EndProject
Project("{FAE04EC0-301F-11D3-BF4B-00C04F79EFBC}") = "zavit.Web.Mvc.Tests", "zavit.Web.Mvc.Tests\zavit.Web.Mvc.Tests.csproj", "{8133F268-82E1-430B-9A8B-300353D48600}"
EndProject
Project("{FAE04EC0-301F-11D3-BF4B-00C04F79EFBC}") = "zavit.Domain.Profiles", "zavit.Domain.Profiles\zavit.Domain.Profiles.csproj", "{6144E0CF-88DD-4DBA-89CD-3098A9E99202}"
EndProject
Project("{FAE04EC0-301F-11D3-BF4B-00C04F79EFBC}") = "zavit.Domain.Profiles.Tests", "zavit.Domain.Profiles.Tests\zavit.Domain.Profiles.Tests.csproj", "{F43E1848-EFB5-427F-94E3-2CA44D9BC995}"
EndProject
Project("{FAE04EC0-301F-11D3-BF4B-00C04F79EFBC}") = "zavit.Infrastructure.Profiles", "zavit.Infrastructure.Profiles\zavit.Infrastructure.Profiles.csproj", "{F8B2F575-E38E-430D-AE42-7742530A55B3}"
EndProject
Project("{FAE04EC0-301F-11D3-BF4B-00C04F79EFBC}") = "zavit.Infrastructure.Images", "zavit.Infrastructure.Images\zavit.Infrastructure.Images.csproj", "{9F7C4D82-D36E-4455-AAB0-9B9554B48115}"
EndProject
Global
	GlobalSection(SolutionConfigurationPlatforms) = preSolution
		Debug|Any CPU = Debug|Any CPU
		Debug|ARM = Debug|ARM
		Debug|x64 = Debug|x64
		Debug|x86 = Debug|x86
		Release|Any CPU = Release|Any CPU
		Release|ARM = Release|ARM
		Release|x64 = Release|x64
		Release|x86 = Release|x86
	EndGlobalSection
	GlobalSection(ProjectConfigurationPlatforms) = postSolution
		{C83F862C-9393-40C4-A64C-94F6AB6A27E6}.Debug|Any CPU.ActiveCfg = Debug|Any CPU
		{C83F862C-9393-40C4-A64C-94F6AB6A27E6}.Debug|Any CPU.Build.0 = Debug|Any CPU
		{C83F862C-9393-40C4-A64C-94F6AB6A27E6}.Debug|ARM.ActiveCfg = Debug|Any CPU
		{C83F862C-9393-40C4-A64C-94F6AB6A27E6}.Debug|ARM.Build.0 = Debug|Any CPU
		{C83F862C-9393-40C4-A64C-94F6AB6A27E6}.Debug|x64.ActiveCfg = Debug|Any CPU
		{C83F862C-9393-40C4-A64C-94F6AB6A27E6}.Debug|x64.Build.0 = Debug|Any CPU
		{C83F862C-9393-40C4-A64C-94F6AB6A27E6}.Debug|x86.ActiveCfg = Debug|Any CPU
		{C83F862C-9393-40C4-A64C-94F6AB6A27E6}.Debug|x86.Build.0 = Debug|Any CPU
		{C83F862C-9393-40C4-A64C-94F6AB6A27E6}.Release|Any CPU.ActiveCfg = Release|Any CPU
		{C83F862C-9393-40C4-A64C-94F6AB6A27E6}.Release|Any CPU.Build.0 = Release|Any CPU
		{C83F862C-9393-40C4-A64C-94F6AB6A27E6}.Release|ARM.ActiveCfg = Release|Any CPU
		{C83F862C-9393-40C4-A64C-94F6AB6A27E6}.Release|ARM.Build.0 = Release|Any CPU
		{C83F862C-9393-40C4-A64C-94F6AB6A27E6}.Release|x64.ActiveCfg = Release|Any CPU
		{C83F862C-9393-40C4-A64C-94F6AB6A27E6}.Release|x64.Build.0 = Release|Any CPU
		{C83F862C-9393-40C4-A64C-94F6AB6A27E6}.Release|x86.ActiveCfg = Release|Any CPU
		{C83F862C-9393-40C4-A64C-94F6AB6A27E6}.Release|x86.Build.0 = Release|Any CPU
		{9444EBBA-5391-418A-8D38-FD7DE96435C8}.Debug|Any CPU.ActiveCfg = Debug|Any CPU
		{9444EBBA-5391-418A-8D38-FD7DE96435C8}.Debug|Any CPU.Build.0 = Debug|Any CPU
		{9444EBBA-5391-418A-8D38-FD7DE96435C8}.Debug|ARM.ActiveCfg = Debug|Any CPU
		{9444EBBA-5391-418A-8D38-FD7DE96435C8}.Debug|ARM.Build.0 = Debug|Any CPU
		{9444EBBA-5391-418A-8D38-FD7DE96435C8}.Debug|x64.ActiveCfg = Debug|Any CPU
		{9444EBBA-5391-418A-8D38-FD7DE96435C8}.Debug|x64.Build.0 = Debug|Any CPU
		{9444EBBA-5391-418A-8D38-FD7DE96435C8}.Debug|x86.ActiveCfg = Debug|Any CPU
		{9444EBBA-5391-418A-8D38-FD7DE96435C8}.Debug|x86.Build.0 = Debug|Any CPU
		{9444EBBA-5391-418A-8D38-FD7DE96435C8}.Release|Any CPU.ActiveCfg = Release|Any CPU
		{9444EBBA-5391-418A-8D38-FD7DE96435C8}.Release|Any CPU.Build.0 = Release|Any CPU
		{9444EBBA-5391-418A-8D38-FD7DE96435C8}.Release|ARM.ActiveCfg = Release|Any CPU
		{9444EBBA-5391-418A-8D38-FD7DE96435C8}.Release|ARM.Build.0 = Release|Any CPU
		{9444EBBA-5391-418A-8D38-FD7DE96435C8}.Release|x64.ActiveCfg = Release|Any CPU
		{9444EBBA-5391-418A-8D38-FD7DE96435C8}.Release|x64.Build.0 = Release|Any CPU
		{9444EBBA-5391-418A-8D38-FD7DE96435C8}.Release|x86.ActiveCfg = Release|Any CPU
		{9444EBBA-5391-418A-8D38-FD7DE96435C8}.Release|x86.Build.0 = Release|Any CPU
		{54539A5A-5DE2-463A-9C09-88BCB95DFE39}.Debug|Any CPU.ActiveCfg = Debug|Any CPU
		{54539A5A-5DE2-463A-9C09-88BCB95DFE39}.Debug|Any CPU.Build.0 = Debug|Any CPU
		{54539A5A-5DE2-463A-9C09-88BCB95DFE39}.Debug|ARM.ActiveCfg = Debug|Any CPU
		{54539A5A-5DE2-463A-9C09-88BCB95DFE39}.Debug|ARM.Build.0 = Debug|Any CPU
		{54539A5A-5DE2-463A-9C09-88BCB95DFE39}.Debug|x64.ActiveCfg = Debug|Any CPU
		{54539A5A-5DE2-463A-9C09-88BCB95DFE39}.Debug|x64.Build.0 = Debug|Any CPU
		{54539A5A-5DE2-463A-9C09-88BCB95DFE39}.Debug|x86.ActiveCfg = Debug|Any CPU
		{54539A5A-5DE2-463A-9C09-88BCB95DFE39}.Debug|x86.Build.0 = Debug|Any CPU
		{54539A5A-5DE2-463A-9C09-88BCB95DFE39}.Release|Any CPU.ActiveCfg = Release|Any CPU
		{54539A5A-5DE2-463A-9C09-88BCB95DFE39}.Release|Any CPU.Build.0 = Release|Any CPU
		{54539A5A-5DE2-463A-9C09-88BCB95DFE39}.Release|ARM.ActiveCfg = Release|Any CPU
		{54539A5A-5DE2-463A-9C09-88BCB95DFE39}.Release|ARM.Build.0 = Release|Any CPU
		{54539A5A-5DE2-463A-9C09-88BCB95DFE39}.Release|x64.ActiveCfg = Release|Any CPU
		{54539A5A-5DE2-463A-9C09-88BCB95DFE39}.Release|x64.Build.0 = Release|Any CPU
		{54539A5A-5DE2-463A-9C09-88BCB95DFE39}.Release|x86.ActiveCfg = Release|Any CPU
		{54539A5A-5DE2-463A-9C09-88BCB95DFE39}.Release|x86.Build.0 = Release|Any CPU
		{BB621111-7038-4E5D-B88B-1A54580F28F4}.Debug|Any CPU.ActiveCfg = Debug|Any CPU
		{BB621111-7038-4E5D-B88B-1A54580F28F4}.Debug|Any CPU.Build.0 = Debug|Any CPU
		{BB621111-7038-4E5D-B88B-1A54580F28F4}.Debug|ARM.ActiveCfg = Debug|Any CPU
		{BB621111-7038-4E5D-B88B-1A54580F28F4}.Debug|ARM.Build.0 = Debug|Any CPU
		{BB621111-7038-4E5D-B88B-1A54580F28F4}.Debug|x64.ActiveCfg = Debug|Any CPU
		{BB621111-7038-4E5D-B88B-1A54580F28F4}.Debug|x64.Build.0 = Debug|Any CPU
		{BB621111-7038-4E5D-B88B-1A54580F28F4}.Debug|x86.ActiveCfg = Debug|Any CPU
		{BB621111-7038-4E5D-B88B-1A54580F28F4}.Debug|x86.Build.0 = Debug|Any CPU
		{BB621111-7038-4E5D-B88B-1A54580F28F4}.Release|Any CPU.ActiveCfg = Release|Any CPU
		{BB621111-7038-4E5D-B88B-1A54580F28F4}.Release|Any CPU.Build.0 = Release|Any CPU
		{BB621111-7038-4E5D-B88B-1A54580F28F4}.Release|ARM.ActiveCfg = Release|Any CPU
		{BB621111-7038-4E5D-B88B-1A54580F28F4}.Release|ARM.Build.0 = Release|Any CPU
		{BB621111-7038-4E5D-B88B-1A54580F28F4}.Release|x64.ActiveCfg = Release|Any CPU
		{BB621111-7038-4E5D-B88B-1A54580F28F4}.Release|x64.Build.0 = Release|Any CPU
		{BB621111-7038-4E5D-B88B-1A54580F28F4}.Release|x86.ActiveCfg = Release|Any CPU
		{BB621111-7038-4E5D-B88B-1A54580F28F4}.Release|x86.Build.0 = Release|Any CPU
		{644F8521-635E-4CCB-A256-96B17CB37894}.Debug|Any CPU.ActiveCfg = Debug|Any CPU
		{644F8521-635E-4CCB-A256-96B17CB37894}.Debug|Any CPU.Build.0 = Debug|Any CPU
		{644F8521-635E-4CCB-A256-96B17CB37894}.Debug|ARM.ActiveCfg = Debug|Any CPU
		{644F8521-635E-4CCB-A256-96B17CB37894}.Debug|ARM.Build.0 = Debug|Any CPU
		{644F8521-635E-4CCB-A256-96B17CB37894}.Debug|x64.ActiveCfg = Debug|Any CPU
		{644F8521-635E-4CCB-A256-96B17CB37894}.Debug|x64.Build.0 = Debug|Any CPU
		{644F8521-635E-4CCB-A256-96B17CB37894}.Debug|x86.ActiveCfg = Debug|Any CPU
		{644F8521-635E-4CCB-A256-96B17CB37894}.Debug|x86.Build.0 = Debug|Any CPU
		{644F8521-635E-4CCB-A256-96B17CB37894}.Release|Any CPU.ActiveCfg = Release|Any CPU
		{644F8521-635E-4CCB-A256-96B17CB37894}.Release|Any CPU.Build.0 = Release|Any CPU
		{644F8521-635E-4CCB-A256-96B17CB37894}.Release|ARM.ActiveCfg = Release|Any CPU
		{644F8521-635E-4CCB-A256-96B17CB37894}.Release|ARM.Build.0 = Release|Any CPU
		{644F8521-635E-4CCB-A256-96B17CB37894}.Release|x64.ActiveCfg = Release|Any CPU
		{644F8521-635E-4CCB-A256-96B17CB37894}.Release|x64.Build.0 = Release|Any CPU
		{644F8521-635E-4CCB-A256-96B17CB37894}.Release|x86.ActiveCfg = Release|Any CPU
		{644F8521-635E-4CCB-A256-96B17CB37894}.Release|x86.Build.0 = Release|Any CPU
		{BED315FF-28A6-46F4-9AA3-27C8AA655BBD}.Debug|Any CPU.ActiveCfg = Debug|Any CPU
		{BED315FF-28A6-46F4-9AA3-27C8AA655BBD}.Debug|Any CPU.Build.0 = Debug|Any CPU
		{BED315FF-28A6-46F4-9AA3-27C8AA655BBD}.Debug|ARM.ActiveCfg = Debug|Any CPU
		{BED315FF-28A6-46F4-9AA3-27C8AA655BBD}.Debug|ARM.Build.0 = Debug|Any CPU
		{BED315FF-28A6-46F4-9AA3-27C8AA655BBD}.Debug|x64.ActiveCfg = Debug|Any CPU
		{BED315FF-28A6-46F4-9AA3-27C8AA655BBD}.Debug|x64.Build.0 = Debug|Any CPU
		{BED315FF-28A6-46F4-9AA3-27C8AA655BBD}.Debug|x86.ActiveCfg = Debug|Any CPU
		{BED315FF-28A6-46F4-9AA3-27C8AA655BBD}.Debug|x86.Build.0 = Debug|Any CPU
		{BED315FF-28A6-46F4-9AA3-27C8AA655BBD}.Release|Any CPU.ActiveCfg = Release|Any CPU
		{BED315FF-28A6-46F4-9AA3-27C8AA655BBD}.Release|Any CPU.Build.0 = Release|Any CPU
		{BED315FF-28A6-46F4-9AA3-27C8AA655BBD}.Release|ARM.ActiveCfg = Release|Any CPU
		{BED315FF-28A6-46F4-9AA3-27C8AA655BBD}.Release|ARM.Build.0 = Release|Any CPU
		{BED315FF-28A6-46F4-9AA3-27C8AA655BBD}.Release|x64.ActiveCfg = Release|Any CPU
		{BED315FF-28A6-46F4-9AA3-27C8AA655BBD}.Release|x64.Build.0 = Release|Any CPU
		{BED315FF-28A6-46F4-9AA3-27C8AA655BBD}.Release|x86.ActiveCfg = Release|Any CPU
		{BED315FF-28A6-46F4-9AA3-27C8AA655BBD}.Release|x86.Build.0 = Release|Any CPU
		{0197D1C2-74B2-4B94-8DB7-97AF3976F1E1}.Debug|Any CPU.ActiveCfg = Debug|Any CPU
		{0197D1C2-74B2-4B94-8DB7-97AF3976F1E1}.Debug|Any CPU.Build.0 = Debug|Any CPU
		{0197D1C2-74B2-4B94-8DB7-97AF3976F1E1}.Debug|ARM.ActiveCfg = Debug|Any CPU
		{0197D1C2-74B2-4B94-8DB7-97AF3976F1E1}.Debug|ARM.Build.0 = Debug|Any CPU
		{0197D1C2-74B2-4B94-8DB7-97AF3976F1E1}.Debug|x64.ActiveCfg = Debug|Any CPU
		{0197D1C2-74B2-4B94-8DB7-97AF3976F1E1}.Debug|x64.Build.0 = Debug|Any CPU
		{0197D1C2-74B2-4B94-8DB7-97AF3976F1E1}.Debug|x86.ActiveCfg = Debug|Any CPU
		{0197D1C2-74B2-4B94-8DB7-97AF3976F1E1}.Debug|x86.Build.0 = Debug|Any CPU
		{0197D1C2-74B2-4B94-8DB7-97AF3976F1E1}.Release|Any CPU.ActiveCfg = Release|Any CPU
		{0197D1C2-74B2-4B94-8DB7-97AF3976F1E1}.Release|Any CPU.Build.0 = Release|Any CPU
		{0197D1C2-74B2-4B94-8DB7-97AF3976F1E1}.Release|ARM.ActiveCfg = Release|Any CPU
		{0197D1C2-74B2-4B94-8DB7-97AF3976F1E1}.Release|ARM.Build.0 = Release|Any CPU
		{0197D1C2-74B2-4B94-8DB7-97AF3976F1E1}.Release|x64.ActiveCfg = Release|Any CPU
		{0197D1C2-74B2-4B94-8DB7-97AF3976F1E1}.Release|x64.Build.0 = Release|Any CPU
		{0197D1C2-74B2-4B94-8DB7-97AF3976F1E1}.Release|x86.ActiveCfg = Release|Any CPU
		{0197D1C2-74B2-4B94-8DB7-97AF3976F1E1}.Release|x86.Build.0 = Release|Any CPU
		{7A07D33B-2647-47D3-A948-BAA42E78B1E9}.Debug|Any CPU.ActiveCfg = Debug|Any CPU
		{7A07D33B-2647-47D3-A948-BAA42E78B1E9}.Debug|Any CPU.Build.0 = Debug|Any CPU
		{7A07D33B-2647-47D3-A948-BAA42E78B1E9}.Debug|ARM.ActiveCfg = Debug|Any CPU
		{7A07D33B-2647-47D3-A948-BAA42E78B1E9}.Debug|ARM.Build.0 = Debug|Any CPU
		{7A07D33B-2647-47D3-A948-BAA42E78B1E9}.Debug|x64.ActiveCfg = Debug|Any CPU
		{7A07D33B-2647-47D3-A948-BAA42E78B1E9}.Debug|x64.Build.0 = Debug|Any CPU
		{7A07D33B-2647-47D3-A948-BAA42E78B1E9}.Debug|x86.ActiveCfg = Debug|Any CPU
		{7A07D33B-2647-47D3-A948-BAA42E78B1E9}.Debug|x86.Build.0 = Debug|Any CPU
		{7A07D33B-2647-47D3-A948-BAA42E78B1E9}.Release|Any CPU.ActiveCfg = Release|Any CPU
		{7A07D33B-2647-47D3-A948-BAA42E78B1E9}.Release|Any CPU.Build.0 = Release|Any CPU
		{7A07D33B-2647-47D3-A948-BAA42E78B1E9}.Release|ARM.ActiveCfg = Release|Any CPU
		{7A07D33B-2647-47D3-A948-BAA42E78B1E9}.Release|ARM.Build.0 = Release|Any CPU
		{7A07D33B-2647-47D3-A948-BAA42E78B1E9}.Release|x64.ActiveCfg = Release|Any CPU
		{7A07D33B-2647-47D3-A948-BAA42E78B1E9}.Release|x64.Build.0 = Release|Any CPU
		{7A07D33B-2647-47D3-A948-BAA42E78B1E9}.Release|x86.ActiveCfg = Release|Any CPU
		{7A07D33B-2647-47D3-A948-BAA42E78B1E9}.Release|x86.Build.0 = Release|Any CPU
		{3EC23D3F-9D60-462B-B978-740740505117}.Debug|Any CPU.ActiveCfg = Debug|Any CPU
		{3EC23D3F-9D60-462B-B978-740740505117}.Debug|Any CPU.Build.0 = Debug|Any CPU
		{3EC23D3F-9D60-462B-B978-740740505117}.Debug|ARM.ActiveCfg = Debug|Any CPU
		{3EC23D3F-9D60-462B-B978-740740505117}.Debug|ARM.Build.0 = Debug|Any CPU
		{3EC23D3F-9D60-462B-B978-740740505117}.Debug|x64.ActiveCfg = Debug|Any CPU
		{3EC23D3F-9D60-462B-B978-740740505117}.Debug|x64.Build.0 = Debug|Any CPU
		{3EC23D3F-9D60-462B-B978-740740505117}.Debug|x86.ActiveCfg = Debug|Any CPU
		{3EC23D3F-9D60-462B-B978-740740505117}.Debug|x86.Build.0 = Debug|Any CPU
		{3EC23D3F-9D60-462B-B978-740740505117}.Release|Any CPU.ActiveCfg = Release|Any CPU
		{3EC23D3F-9D60-462B-B978-740740505117}.Release|Any CPU.Build.0 = Release|Any CPU
		{3EC23D3F-9D60-462B-B978-740740505117}.Release|ARM.ActiveCfg = Release|Any CPU
		{3EC23D3F-9D60-462B-B978-740740505117}.Release|ARM.Build.0 = Release|Any CPU
		{3EC23D3F-9D60-462B-B978-740740505117}.Release|x64.ActiveCfg = Release|Any CPU
		{3EC23D3F-9D60-462B-B978-740740505117}.Release|x64.Build.0 = Release|Any CPU
		{3EC23D3F-9D60-462B-B978-740740505117}.Release|x86.ActiveCfg = Release|Any CPU
		{3EC23D3F-9D60-462B-B978-740740505117}.Release|x86.Build.0 = Release|Any CPU
		{67C23B94-0318-4507-AD94-08BD1E288FB9}.Debug|Any CPU.ActiveCfg = Debug|Any CPU
		{67C23B94-0318-4507-AD94-08BD1E288FB9}.Debug|Any CPU.Build.0 = Debug|Any CPU
		{67C23B94-0318-4507-AD94-08BD1E288FB9}.Debug|ARM.ActiveCfg = Debug|Any CPU
		{67C23B94-0318-4507-AD94-08BD1E288FB9}.Debug|ARM.Build.0 = Debug|Any CPU
		{67C23B94-0318-4507-AD94-08BD1E288FB9}.Debug|x64.ActiveCfg = Debug|Any CPU
		{67C23B94-0318-4507-AD94-08BD1E288FB9}.Debug|x64.Build.0 = Debug|Any CPU
		{67C23B94-0318-4507-AD94-08BD1E288FB9}.Debug|x86.ActiveCfg = Debug|Any CPU
		{67C23B94-0318-4507-AD94-08BD1E288FB9}.Debug|x86.Build.0 = Debug|Any CPU
		{67C23B94-0318-4507-AD94-08BD1E288FB9}.Release|Any CPU.ActiveCfg = Release|Any CPU
		{67C23B94-0318-4507-AD94-08BD1E288FB9}.Release|Any CPU.Build.0 = Release|Any CPU
		{67C23B94-0318-4507-AD94-08BD1E288FB9}.Release|ARM.ActiveCfg = Release|Any CPU
		{67C23B94-0318-4507-AD94-08BD1E288FB9}.Release|ARM.Build.0 = Release|Any CPU
		{67C23B94-0318-4507-AD94-08BD1E288FB9}.Release|x64.ActiveCfg = Release|Any CPU
		{67C23B94-0318-4507-AD94-08BD1E288FB9}.Release|x64.Build.0 = Release|Any CPU
		{67C23B94-0318-4507-AD94-08BD1E288FB9}.Release|x86.ActiveCfg = Release|Any CPU
		{67C23B94-0318-4507-AD94-08BD1E288FB9}.Release|x86.Build.0 = Release|Any CPU
		{1AD7901A-C93A-4B3B-AF9B-E48A30AEEE28}.Debug|Any CPU.ActiveCfg = Debug|Any CPU
		{1AD7901A-C93A-4B3B-AF9B-E48A30AEEE28}.Debug|Any CPU.Build.0 = Debug|Any CPU
		{1AD7901A-C93A-4B3B-AF9B-E48A30AEEE28}.Debug|ARM.ActiveCfg = Debug|Any CPU
		{1AD7901A-C93A-4B3B-AF9B-E48A30AEEE28}.Debug|ARM.Build.0 = Debug|Any CPU
		{1AD7901A-C93A-4B3B-AF9B-E48A30AEEE28}.Debug|x64.ActiveCfg = Debug|Any CPU
		{1AD7901A-C93A-4B3B-AF9B-E48A30AEEE28}.Debug|x64.Build.0 = Debug|Any CPU
		{1AD7901A-C93A-4B3B-AF9B-E48A30AEEE28}.Debug|x86.ActiveCfg = Debug|Any CPU
		{1AD7901A-C93A-4B3B-AF9B-E48A30AEEE28}.Debug|x86.Build.0 = Debug|Any CPU
		{1AD7901A-C93A-4B3B-AF9B-E48A30AEEE28}.Release|Any CPU.ActiveCfg = Release|Any CPU
		{1AD7901A-C93A-4B3B-AF9B-E48A30AEEE28}.Release|Any CPU.Build.0 = Release|Any CPU
		{1AD7901A-C93A-4B3B-AF9B-E48A30AEEE28}.Release|ARM.ActiveCfg = Release|Any CPU
		{1AD7901A-C93A-4B3B-AF9B-E48A30AEEE28}.Release|ARM.Build.0 = Release|Any CPU
		{1AD7901A-C93A-4B3B-AF9B-E48A30AEEE28}.Release|x64.ActiveCfg = Release|Any CPU
		{1AD7901A-C93A-4B3B-AF9B-E48A30AEEE28}.Release|x64.Build.0 = Release|Any CPU
		{1AD7901A-C93A-4B3B-AF9B-E48A30AEEE28}.Release|x86.ActiveCfg = Release|Any CPU
		{1AD7901A-C93A-4B3B-AF9B-E48A30AEEE28}.Release|x86.Build.0 = Release|Any CPU
		{7F7C3FA6-02EA-43DB-830C-A2968CBD781A}.Debug|Any CPU.ActiveCfg = Debug|Any CPU
		{7F7C3FA6-02EA-43DB-830C-A2968CBD781A}.Debug|Any CPU.Build.0 = Debug|Any CPU
		{7F7C3FA6-02EA-43DB-830C-A2968CBD781A}.Debug|ARM.ActiveCfg = Debug|Any CPU
		{7F7C3FA6-02EA-43DB-830C-A2968CBD781A}.Debug|ARM.Build.0 = Debug|Any CPU
		{7F7C3FA6-02EA-43DB-830C-A2968CBD781A}.Debug|x64.ActiveCfg = Debug|Any CPU
		{7F7C3FA6-02EA-43DB-830C-A2968CBD781A}.Debug|x64.Build.0 = Debug|Any CPU
		{7F7C3FA6-02EA-43DB-830C-A2968CBD781A}.Debug|x86.ActiveCfg = Debug|Any CPU
		{7F7C3FA6-02EA-43DB-830C-A2968CBD781A}.Debug|x86.Build.0 = Debug|Any CPU
		{7F7C3FA6-02EA-43DB-830C-A2968CBD781A}.Release|Any CPU.ActiveCfg = Release|Any CPU
		{7F7C3FA6-02EA-43DB-830C-A2968CBD781A}.Release|Any CPU.Build.0 = Release|Any CPU
		{7F7C3FA6-02EA-43DB-830C-A2968CBD781A}.Release|ARM.ActiveCfg = Release|Any CPU
		{7F7C3FA6-02EA-43DB-830C-A2968CBD781A}.Release|ARM.Build.0 = Release|Any CPU
		{7F7C3FA6-02EA-43DB-830C-A2968CBD781A}.Release|x64.ActiveCfg = Release|Any CPU
		{7F7C3FA6-02EA-43DB-830C-A2968CBD781A}.Release|x64.Build.0 = Release|Any CPU
		{7F7C3FA6-02EA-43DB-830C-A2968CBD781A}.Release|x86.ActiveCfg = Release|Any CPU
		{7F7C3FA6-02EA-43DB-830C-A2968CBD781A}.Release|x86.Build.0 = Release|Any CPU
		{0E38A1F3-78ED-4F45-B696-A71E178878EF}.Debug|Any CPU.ActiveCfg = Debug|Any CPU
		{0E38A1F3-78ED-4F45-B696-A71E178878EF}.Debug|Any CPU.Build.0 = Debug|Any CPU
		{0E38A1F3-78ED-4F45-B696-A71E178878EF}.Debug|ARM.ActiveCfg = Debug|Any CPU
		{0E38A1F3-78ED-4F45-B696-A71E178878EF}.Debug|ARM.Build.0 = Debug|Any CPU
		{0E38A1F3-78ED-4F45-B696-A71E178878EF}.Debug|x64.ActiveCfg = Debug|Any CPU
		{0E38A1F3-78ED-4F45-B696-A71E178878EF}.Debug|x64.Build.0 = Debug|Any CPU
		{0E38A1F3-78ED-4F45-B696-A71E178878EF}.Debug|x86.ActiveCfg = Debug|Any CPU
		{0E38A1F3-78ED-4F45-B696-A71E178878EF}.Debug|x86.Build.0 = Debug|Any CPU
		{0E38A1F3-78ED-4F45-B696-A71E178878EF}.Release|Any CPU.ActiveCfg = Release|Any CPU
		{0E38A1F3-78ED-4F45-B696-A71E178878EF}.Release|Any CPU.Build.0 = Release|Any CPU
		{0E38A1F3-78ED-4F45-B696-A71E178878EF}.Release|ARM.ActiveCfg = Release|Any CPU
		{0E38A1F3-78ED-4F45-B696-A71E178878EF}.Release|ARM.Build.0 = Release|Any CPU
		{0E38A1F3-78ED-4F45-B696-A71E178878EF}.Release|x64.ActiveCfg = Release|Any CPU
		{0E38A1F3-78ED-4F45-B696-A71E178878EF}.Release|x64.Build.0 = Release|Any CPU
		{0E38A1F3-78ED-4F45-B696-A71E178878EF}.Release|x86.ActiveCfg = Release|Any CPU
		{0E38A1F3-78ED-4F45-B696-A71E178878EF}.Release|x86.Build.0 = Release|Any CPU
		{259C3E7D-116D-4F3D-AC24-53C4D44F308A}.Debug|Any CPU.ActiveCfg = Debug|Any CPU
		{259C3E7D-116D-4F3D-AC24-53C4D44F308A}.Debug|Any CPU.Build.0 = Debug|Any CPU
		{259C3E7D-116D-4F3D-AC24-53C4D44F308A}.Debug|ARM.ActiveCfg = Debug|Any CPU
		{259C3E7D-116D-4F3D-AC24-53C4D44F308A}.Debug|ARM.Build.0 = Debug|Any CPU
		{259C3E7D-116D-4F3D-AC24-53C4D44F308A}.Debug|x64.ActiveCfg = Debug|Any CPU
		{259C3E7D-116D-4F3D-AC24-53C4D44F308A}.Debug|x64.Build.0 = Debug|Any CPU
		{259C3E7D-116D-4F3D-AC24-53C4D44F308A}.Debug|x86.ActiveCfg = Debug|Any CPU
		{259C3E7D-116D-4F3D-AC24-53C4D44F308A}.Debug|x86.Build.0 = Debug|Any CPU
		{259C3E7D-116D-4F3D-AC24-53C4D44F308A}.Release|Any CPU.ActiveCfg = Release|Any CPU
		{259C3E7D-116D-4F3D-AC24-53C4D44F308A}.Release|Any CPU.Build.0 = Release|Any CPU
		{259C3E7D-116D-4F3D-AC24-53C4D44F308A}.Release|ARM.ActiveCfg = Release|Any CPU
		{259C3E7D-116D-4F3D-AC24-53C4D44F308A}.Release|ARM.Build.0 = Release|Any CPU
		{259C3E7D-116D-4F3D-AC24-53C4D44F308A}.Release|x64.ActiveCfg = Release|Any CPU
		{259C3E7D-116D-4F3D-AC24-53C4D44F308A}.Release|x64.Build.0 = Release|Any CPU
		{259C3E7D-116D-4F3D-AC24-53C4D44F308A}.Release|x86.ActiveCfg = Release|Any CPU
		{259C3E7D-116D-4F3D-AC24-53C4D44F308A}.Release|x86.Build.0 = Release|Any CPU
		{06595C4B-874B-4060-924B-D30C57C0BE45}.Debug|Any CPU.ActiveCfg = Debug|Any CPU
		{06595C4B-874B-4060-924B-D30C57C0BE45}.Debug|Any CPU.Build.0 = Debug|Any CPU
		{06595C4B-874B-4060-924B-D30C57C0BE45}.Debug|ARM.ActiveCfg = Debug|Any CPU
		{06595C4B-874B-4060-924B-D30C57C0BE45}.Debug|ARM.Build.0 = Debug|Any CPU
		{06595C4B-874B-4060-924B-D30C57C0BE45}.Debug|x64.ActiveCfg = Debug|Any CPU
		{06595C4B-874B-4060-924B-D30C57C0BE45}.Debug|x64.Build.0 = Debug|Any CPU
		{06595C4B-874B-4060-924B-D30C57C0BE45}.Debug|x86.ActiveCfg = Debug|Any CPU
		{06595C4B-874B-4060-924B-D30C57C0BE45}.Debug|x86.Build.0 = Debug|Any CPU
		{06595C4B-874B-4060-924B-D30C57C0BE45}.Release|Any CPU.ActiveCfg = Release|Any CPU
		{06595C4B-874B-4060-924B-D30C57C0BE45}.Release|Any CPU.Build.0 = Release|Any CPU
		{06595C4B-874B-4060-924B-D30C57C0BE45}.Release|ARM.ActiveCfg = Release|Any CPU
		{06595C4B-874B-4060-924B-D30C57C0BE45}.Release|ARM.Build.0 = Release|Any CPU
		{06595C4B-874B-4060-924B-D30C57C0BE45}.Release|x64.ActiveCfg = Release|Any CPU
		{06595C4B-874B-4060-924B-D30C57C0BE45}.Release|x64.Build.0 = Release|Any CPU
		{06595C4B-874B-4060-924B-D30C57C0BE45}.Release|x86.ActiveCfg = Release|Any CPU
		{06595C4B-874B-4060-924B-D30C57C0BE45}.Release|x86.Build.0 = Release|Any CPU
		{EC6FC46E-4DC0-4C02-BDED-A5E282814A47}.Debug|Any CPU.ActiveCfg = Debug|Any CPU
		{EC6FC46E-4DC0-4C02-BDED-A5E282814A47}.Debug|Any CPU.Build.0 = Debug|Any CPU
		{EC6FC46E-4DC0-4C02-BDED-A5E282814A47}.Debug|ARM.ActiveCfg = Debug|Any CPU
		{EC6FC46E-4DC0-4C02-BDED-A5E282814A47}.Debug|ARM.Build.0 = Debug|Any CPU
		{EC6FC46E-4DC0-4C02-BDED-A5E282814A47}.Debug|x64.ActiveCfg = Debug|Any CPU
		{EC6FC46E-4DC0-4C02-BDED-A5E282814A47}.Debug|x64.Build.0 = Debug|Any CPU
		{EC6FC46E-4DC0-4C02-BDED-A5E282814A47}.Debug|x86.ActiveCfg = Debug|Any CPU
		{EC6FC46E-4DC0-4C02-BDED-A5E282814A47}.Debug|x86.Build.0 = Debug|Any CPU
		{EC6FC46E-4DC0-4C02-BDED-A5E282814A47}.Release|Any CPU.ActiveCfg = Release|Any CPU
		{EC6FC46E-4DC0-4C02-BDED-A5E282814A47}.Release|Any CPU.Build.0 = Release|Any CPU
		{EC6FC46E-4DC0-4C02-BDED-A5E282814A47}.Release|ARM.ActiveCfg = Release|Any CPU
		{EC6FC46E-4DC0-4C02-BDED-A5E282814A47}.Release|ARM.Build.0 = Release|Any CPU
		{EC6FC46E-4DC0-4C02-BDED-A5E282814A47}.Release|x64.ActiveCfg = Release|Any CPU
		{EC6FC46E-4DC0-4C02-BDED-A5E282814A47}.Release|x64.Build.0 = Release|Any CPU
		{EC6FC46E-4DC0-4C02-BDED-A5E282814A47}.Release|x86.ActiveCfg = Release|Any CPU
		{EC6FC46E-4DC0-4C02-BDED-A5E282814A47}.Release|x86.Build.0 = Release|Any CPU
		{FF10BC40-A0AA-42B1-9560-D9D5DF1F2871}.Debug|Any CPU.ActiveCfg = Debug|Any CPU
		{FF10BC40-A0AA-42B1-9560-D9D5DF1F2871}.Debug|Any CPU.Build.0 = Debug|Any CPU
		{FF10BC40-A0AA-42B1-9560-D9D5DF1F2871}.Debug|ARM.ActiveCfg = Debug|Any CPU
		{FF10BC40-A0AA-42B1-9560-D9D5DF1F2871}.Debug|ARM.Build.0 = Debug|Any CPU
		{FF10BC40-A0AA-42B1-9560-D9D5DF1F2871}.Debug|x64.ActiveCfg = Debug|Any CPU
		{FF10BC40-A0AA-42B1-9560-D9D5DF1F2871}.Debug|x64.Build.0 = Debug|Any CPU
		{FF10BC40-A0AA-42B1-9560-D9D5DF1F2871}.Debug|x86.ActiveCfg = Debug|Any CPU
		{FF10BC40-A0AA-42B1-9560-D9D5DF1F2871}.Debug|x86.Build.0 = Debug|Any CPU
		{FF10BC40-A0AA-42B1-9560-D9D5DF1F2871}.Release|Any CPU.ActiveCfg = Release|Any CPU
		{FF10BC40-A0AA-42B1-9560-D9D5DF1F2871}.Release|Any CPU.Build.0 = Release|Any CPU
		{FF10BC40-A0AA-42B1-9560-D9D5DF1F2871}.Release|ARM.ActiveCfg = Release|Any CPU
		{FF10BC40-A0AA-42B1-9560-D9D5DF1F2871}.Release|ARM.Build.0 = Release|Any CPU
		{FF10BC40-A0AA-42B1-9560-D9D5DF1F2871}.Release|x64.ActiveCfg = Release|Any CPU
		{FF10BC40-A0AA-42B1-9560-D9D5DF1F2871}.Release|x64.Build.0 = Release|Any CPU
		{FF10BC40-A0AA-42B1-9560-D9D5DF1F2871}.Release|x86.ActiveCfg = Release|Any CPU
		{FF10BC40-A0AA-42B1-9560-D9D5DF1F2871}.Release|x86.Build.0 = Release|Any CPU
		{17F0F9FE-0D3E-467E-9B7B-F492B31F315A}.Debug|Any CPU.ActiveCfg = Debug|Any CPU
		{17F0F9FE-0D3E-467E-9B7B-F492B31F315A}.Debug|Any CPU.Build.0 = Debug|Any CPU
		{17F0F9FE-0D3E-467E-9B7B-F492B31F315A}.Debug|ARM.ActiveCfg = Debug|Any CPU
		{17F0F9FE-0D3E-467E-9B7B-F492B31F315A}.Debug|ARM.Build.0 = Debug|Any CPU
		{17F0F9FE-0D3E-467E-9B7B-F492B31F315A}.Debug|x64.ActiveCfg = Debug|Any CPU
		{17F0F9FE-0D3E-467E-9B7B-F492B31F315A}.Debug|x64.Build.0 = Debug|Any CPU
		{17F0F9FE-0D3E-467E-9B7B-F492B31F315A}.Debug|x86.ActiveCfg = Debug|Any CPU
		{17F0F9FE-0D3E-467E-9B7B-F492B31F315A}.Debug|x86.Build.0 = Debug|Any CPU
		{17F0F9FE-0D3E-467E-9B7B-F492B31F315A}.Release|Any CPU.ActiveCfg = Release|Any CPU
		{17F0F9FE-0D3E-467E-9B7B-F492B31F315A}.Release|Any CPU.Build.0 = Release|Any CPU
		{17F0F9FE-0D3E-467E-9B7B-F492B31F315A}.Release|ARM.ActiveCfg = Release|Any CPU
		{17F0F9FE-0D3E-467E-9B7B-F492B31F315A}.Release|ARM.Build.0 = Release|Any CPU
		{17F0F9FE-0D3E-467E-9B7B-F492B31F315A}.Release|x64.ActiveCfg = Release|Any CPU
		{17F0F9FE-0D3E-467E-9B7B-F492B31F315A}.Release|x64.Build.0 = Release|Any CPU
		{17F0F9FE-0D3E-467E-9B7B-F492B31F315A}.Release|x86.ActiveCfg = Release|Any CPU
		{17F0F9FE-0D3E-467E-9B7B-F492B31F315A}.Release|x86.Build.0 = Release|Any CPU
		{6910B861-F85D-4D2C-B4BF-D3FABC079DB0}.Debug|Any CPU.ActiveCfg = Debug|Any CPU
		{6910B861-F85D-4D2C-B4BF-D3FABC079DB0}.Debug|Any CPU.Build.0 = Debug|Any CPU
		{6910B861-F85D-4D2C-B4BF-D3FABC079DB0}.Debug|ARM.ActiveCfg = Debug|Any CPU
		{6910B861-F85D-4D2C-B4BF-D3FABC079DB0}.Debug|ARM.Build.0 = Debug|Any CPU
		{6910B861-F85D-4D2C-B4BF-D3FABC079DB0}.Debug|x64.ActiveCfg = Debug|Any CPU
		{6910B861-F85D-4D2C-B4BF-D3FABC079DB0}.Debug|x64.Build.0 = Debug|Any CPU
		{6910B861-F85D-4D2C-B4BF-D3FABC079DB0}.Debug|x86.ActiveCfg = Debug|Any CPU
		{6910B861-F85D-4D2C-B4BF-D3FABC079DB0}.Debug|x86.Build.0 = Debug|Any CPU
		{6910B861-F85D-4D2C-B4BF-D3FABC079DB0}.Release|Any CPU.ActiveCfg = Release|Any CPU
		{6910B861-F85D-4D2C-B4BF-D3FABC079DB0}.Release|Any CPU.Build.0 = Release|Any CPU
		{6910B861-F85D-4D2C-B4BF-D3FABC079DB0}.Release|ARM.ActiveCfg = Release|Any CPU
		{6910B861-F85D-4D2C-B4BF-D3FABC079DB0}.Release|ARM.Build.0 = Release|Any CPU
		{6910B861-F85D-4D2C-B4BF-D3FABC079DB0}.Release|x64.ActiveCfg = Release|Any CPU
		{6910B861-F85D-4D2C-B4BF-D3FABC079DB0}.Release|x64.Build.0 = Release|Any CPU
		{6910B861-F85D-4D2C-B4BF-D3FABC079DB0}.Release|x86.ActiveCfg = Release|Any CPU
		{6910B861-F85D-4D2C-B4BF-D3FABC079DB0}.Release|x86.Build.0 = Release|Any CPU
		{7EDFE7C9-2268-43AF-A262-30650B626E0A}.Debug|Any CPU.ActiveCfg = Debug|Any CPU
		{7EDFE7C9-2268-43AF-A262-30650B626E0A}.Debug|Any CPU.Build.0 = Debug|Any CPU
		{7EDFE7C9-2268-43AF-A262-30650B626E0A}.Debug|ARM.ActiveCfg = Debug|Any CPU
		{7EDFE7C9-2268-43AF-A262-30650B626E0A}.Debug|ARM.Build.0 = Debug|Any CPU
		{7EDFE7C9-2268-43AF-A262-30650B626E0A}.Debug|x64.ActiveCfg = Debug|Any CPU
		{7EDFE7C9-2268-43AF-A262-30650B626E0A}.Debug|x64.Build.0 = Debug|Any CPU
		{7EDFE7C9-2268-43AF-A262-30650B626E0A}.Debug|x86.ActiveCfg = Debug|Any CPU
		{7EDFE7C9-2268-43AF-A262-30650B626E0A}.Debug|x86.Build.0 = Debug|Any CPU
		{7EDFE7C9-2268-43AF-A262-30650B626E0A}.Release|Any CPU.ActiveCfg = Release|Any CPU
		{7EDFE7C9-2268-43AF-A262-30650B626E0A}.Release|Any CPU.Build.0 = Release|Any CPU
		{7EDFE7C9-2268-43AF-A262-30650B626E0A}.Release|ARM.ActiveCfg = Release|Any CPU
		{7EDFE7C9-2268-43AF-A262-30650B626E0A}.Release|ARM.Build.0 = Release|Any CPU
		{7EDFE7C9-2268-43AF-A262-30650B626E0A}.Release|x64.ActiveCfg = Release|Any CPU
		{7EDFE7C9-2268-43AF-A262-30650B626E0A}.Release|x64.Build.0 = Release|Any CPU
		{7EDFE7C9-2268-43AF-A262-30650B626E0A}.Release|x86.ActiveCfg = Release|Any CPU
		{7EDFE7C9-2268-43AF-A262-30650B626E0A}.Release|x86.Build.0 = Release|Any CPU
		{DB40454F-F790-4F1D-8CB4-A4696F62F5FD}.Debug|Any CPU.ActiveCfg = Debug|Any CPU
		{DB40454F-F790-4F1D-8CB4-A4696F62F5FD}.Debug|Any CPU.Build.0 = Debug|Any CPU
		{DB40454F-F790-4F1D-8CB4-A4696F62F5FD}.Debug|ARM.ActiveCfg = Debug|Any CPU
		{DB40454F-F790-4F1D-8CB4-A4696F62F5FD}.Debug|ARM.Build.0 = Debug|Any CPU
		{DB40454F-F790-4F1D-8CB4-A4696F62F5FD}.Debug|x64.ActiveCfg = Debug|Any CPU
		{DB40454F-F790-4F1D-8CB4-A4696F62F5FD}.Debug|x64.Build.0 = Debug|Any CPU
		{DB40454F-F790-4F1D-8CB4-A4696F62F5FD}.Debug|x86.ActiveCfg = Debug|Any CPU
		{DB40454F-F790-4F1D-8CB4-A4696F62F5FD}.Debug|x86.Build.0 = Debug|Any CPU
		{DB40454F-F790-4F1D-8CB4-A4696F62F5FD}.Release|Any CPU.ActiveCfg = Release|Any CPU
		{DB40454F-F790-4F1D-8CB4-A4696F62F5FD}.Release|Any CPU.Build.0 = Release|Any CPU
		{DB40454F-F790-4F1D-8CB4-A4696F62F5FD}.Release|ARM.ActiveCfg = Release|Any CPU
		{DB40454F-F790-4F1D-8CB4-A4696F62F5FD}.Release|ARM.Build.0 = Release|Any CPU
		{DB40454F-F790-4F1D-8CB4-A4696F62F5FD}.Release|x64.ActiveCfg = Release|Any CPU
		{DB40454F-F790-4F1D-8CB4-A4696F62F5FD}.Release|x64.Build.0 = Release|Any CPU
		{DB40454F-F790-4F1D-8CB4-A4696F62F5FD}.Release|x86.ActiveCfg = Release|Any CPU
		{DB40454F-F790-4F1D-8CB4-A4696F62F5FD}.Release|x86.Build.0 = Release|Any CPU
		{B036D724-C8E6-4649-8706-31FB52AB799B}.Debug|Any CPU.ActiveCfg = Debug|Any CPU
		{B036D724-C8E6-4649-8706-31FB52AB799B}.Debug|Any CPU.Build.0 = Debug|Any CPU
		{B036D724-C8E6-4649-8706-31FB52AB799B}.Debug|ARM.ActiveCfg = Debug|Any CPU
		{B036D724-C8E6-4649-8706-31FB52AB799B}.Debug|ARM.Build.0 = Debug|Any CPU
		{B036D724-C8E6-4649-8706-31FB52AB799B}.Debug|x64.ActiveCfg = Debug|Any CPU
		{B036D724-C8E6-4649-8706-31FB52AB799B}.Debug|x64.Build.0 = Debug|Any CPU
		{B036D724-C8E6-4649-8706-31FB52AB799B}.Debug|x86.ActiveCfg = Debug|Any CPU
		{B036D724-C8E6-4649-8706-31FB52AB799B}.Debug|x86.Build.0 = Debug|Any CPU
		{B036D724-C8E6-4649-8706-31FB52AB799B}.Release|Any CPU.ActiveCfg = Release|Any CPU
		{B036D724-C8E6-4649-8706-31FB52AB799B}.Release|Any CPU.Build.0 = Release|Any CPU
		{B036D724-C8E6-4649-8706-31FB52AB799B}.Release|ARM.ActiveCfg = Release|Any CPU
		{B036D724-C8E6-4649-8706-31FB52AB799B}.Release|ARM.Build.0 = Release|Any CPU
		{B036D724-C8E6-4649-8706-31FB52AB799B}.Release|x64.ActiveCfg = Release|Any CPU
		{B036D724-C8E6-4649-8706-31FB52AB799B}.Release|x64.Build.0 = Release|Any CPU
		{B036D724-C8E6-4649-8706-31FB52AB799B}.Release|x86.ActiveCfg = Release|Any CPU
		{B036D724-C8E6-4649-8706-31FB52AB799B}.Release|x86.Build.0 = Release|Any CPU
		{D4CA68D8-F34E-4045-A572-C16421998CF6}.Debug|Any CPU.ActiveCfg = Debug|Any CPU
		{D4CA68D8-F34E-4045-A572-C16421998CF6}.Debug|Any CPU.Build.0 = Debug|Any CPU
		{D4CA68D8-F34E-4045-A572-C16421998CF6}.Debug|ARM.ActiveCfg = Debug|Any CPU
		{D4CA68D8-F34E-4045-A572-C16421998CF6}.Debug|ARM.Build.0 = Debug|Any CPU
		{D4CA68D8-F34E-4045-A572-C16421998CF6}.Debug|x64.ActiveCfg = Debug|Any CPU
		{D4CA68D8-F34E-4045-A572-C16421998CF6}.Debug|x64.Build.0 = Debug|Any CPU
		{D4CA68D8-F34E-4045-A572-C16421998CF6}.Debug|x86.ActiveCfg = Debug|Any CPU
		{D4CA68D8-F34E-4045-A572-C16421998CF6}.Debug|x86.Build.0 = Debug|Any CPU
		{D4CA68D8-F34E-4045-A572-C16421998CF6}.Release|Any CPU.ActiveCfg = Release|Any CPU
		{D4CA68D8-F34E-4045-A572-C16421998CF6}.Release|Any CPU.Build.0 = Release|Any CPU
		{D4CA68D8-F34E-4045-A572-C16421998CF6}.Release|ARM.ActiveCfg = Release|Any CPU
		{D4CA68D8-F34E-4045-A572-C16421998CF6}.Release|ARM.Build.0 = Release|Any CPU
		{D4CA68D8-F34E-4045-A572-C16421998CF6}.Release|x64.ActiveCfg = Release|Any CPU
		{D4CA68D8-F34E-4045-A572-C16421998CF6}.Release|x64.Build.0 = Release|Any CPU
		{D4CA68D8-F34E-4045-A572-C16421998CF6}.Release|x86.ActiveCfg = Release|Any CPU
		{D4CA68D8-F34E-4045-A572-C16421998CF6}.Release|x86.Build.0 = Release|Any CPU
		{2CD77DC8-CB42-4619-8887-AE3C2C64CC64}.Debug|Any CPU.ActiveCfg = Debug|Any CPU
		{2CD77DC8-CB42-4619-8887-AE3C2C64CC64}.Debug|Any CPU.Build.0 = Debug|Any CPU
		{2CD77DC8-CB42-4619-8887-AE3C2C64CC64}.Debug|ARM.ActiveCfg = Debug|Any CPU
		{2CD77DC8-CB42-4619-8887-AE3C2C64CC64}.Debug|ARM.Build.0 = Debug|Any CPU
		{2CD77DC8-CB42-4619-8887-AE3C2C64CC64}.Debug|x64.ActiveCfg = Debug|Any CPU
		{2CD77DC8-CB42-4619-8887-AE3C2C64CC64}.Debug|x64.Build.0 = Debug|Any CPU
		{2CD77DC8-CB42-4619-8887-AE3C2C64CC64}.Debug|x86.ActiveCfg = Debug|Any CPU
		{2CD77DC8-CB42-4619-8887-AE3C2C64CC64}.Debug|x86.Build.0 = Debug|Any CPU
		{2CD77DC8-CB42-4619-8887-AE3C2C64CC64}.Release|Any CPU.ActiveCfg = Release|Any CPU
		{2CD77DC8-CB42-4619-8887-AE3C2C64CC64}.Release|Any CPU.Build.0 = Release|Any CPU
		{2CD77DC8-CB42-4619-8887-AE3C2C64CC64}.Release|ARM.ActiveCfg = Release|Any CPU
		{2CD77DC8-CB42-4619-8887-AE3C2C64CC64}.Release|ARM.Build.0 = Release|Any CPU
		{2CD77DC8-CB42-4619-8887-AE3C2C64CC64}.Release|x64.ActiveCfg = Release|Any CPU
		{2CD77DC8-CB42-4619-8887-AE3C2C64CC64}.Release|x64.Build.0 = Release|Any CPU
		{2CD77DC8-CB42-4619-8887-AE3C2C64CC64}.Release|x86.ActiveCfg = Release|Any CPU
		{2CD77DC8-CB42-4619-8887-AE3C2C64CC64}.Release|x86.Build.0 = Release|Any CPU
		{6E6BC9F9-DC62-44F5-A6F5-EF06C0189D09}.Debug|Any CPU.ActiveCfg = Debug|Any CPU
		{6E6BC9F9-DC62-44F5-A6F5-EF06C0189D09}.Debug|Any CPU.Build.0 = Debug|Any CPU
		{6E6BC9F9-DC62-44F5-A6F5-EF06C0189D09}.Debug|ARM.ActiveCfg = Debug|Any CPU
		{6E6BC9F9-DC62-44F5-A6F5-EF06C0189D09}.Debug|ARM.Build.0 = Debug|Any CPU
		{6E6BC9F9-DC62-44F5-A6F5-EF06C0189D09}.Debug|x64.ActiveCfg = Debug|Any CPU
		{6E6BC9F9-DC62-44F5-A6F5-EF06C0189D09}.Debug|x64.Build.0 = Debug|Any CPU
		{6E6BC9F9-DC62-44F5-A6F5-EF06C0189D09}.Debug|x86.ActiveCfg = Debug|Any CPU
		{6E6BC9F9-DC62-44F5-A6F5-EF06C0189D09}.Debug|x86.Build.0 = Debug|Any CPU
		{6E6BC9F9-DC62-44F5-A6F5-EF06C0189D09}.Release|Any CPU.ActiveCfg = Release|Any CPU
		{6E6BC9F9-DC62-44F5-A6F5-EF06C0189D09}.Release|Any CPU.Build.0 = Release|Any CPU
		{6E6BC9F9-DC62-44F5-A6F5-EF06C0189D09}.Release|ARM.ActiveCfg = Release|Any CPU
		{6E6BC9F9-DC62-44F5-A6F5-EF06C0189D09}.Release|ARM.Build.0 = Release|Any CPU
		{6E6BC9F9-DC62-44F5-A6F5-EF06C0189D09}.Release|x64.ActiveCfg = Release|Any CPU
		{6E6BC9F9-DC62-44F5-A6F5-EF06C0189D09}.Release|x64.Build.0 = Release|Any CPU
		{6E6BC9F9-DC62-44F5-A6F5-EF06C0189D09}.Release|x86.ActiveCfg = Release|Any CPU
		{6E6BC9F9-DC62-44F5-A6F5-EF06C0189D09}.Release|x86.Build.0 = Release|Any CPU
		{E79F46E1-217C-49F3-9D10-874E91C874EF}.Debug|Any CPU.ActiveCfg = Debug|Any CPU
		{E79F46E1-217C-49F3-9D10-874E91C874EF}.Debug|Any CPU.Build.0 = Debug|Any CPU
		{E79F46E1-217C-49F3-9D10-874E91C874EF}.Debug|ARM.ActiveCfg = Debug|Any CPU
		{E79F46E1-217C-49F3-9D10-874E91C874EF}.Debug|ARM.Build.0 = Debug|Any CPU
		{E79F46E1-217C-49F3-9D10-874E91C874EF}.Debug|x64.ActiveCfg = Debug|Any CPU
		{E79F46E1-217C-49F3-9D10-874E91C874EF}.Debug|x64.Build.0 = Debug|Any CPU
		{E79F46E1-217C-49F3-9D10-874E91C874EF}.Debug|x86.ActiveCfg = Debug|Any CPU
		{E79F46E1-217C-49F3-9D10-874E91C874EF}.Debug|x86.Build.0 = Debug|Any CPU
		{E79F46E1-217C-49F3-9D10-874E91C874EF}.Release|Any CPU.ActiveCfg = Release|Any CPU
		{E79F46E1-217C-49F3-9D10-874E91C874EF}.Release|Any CPU.Build.0 = Release|Any CPU
		{E79F46E1-217C-49F3-9D10-874E91C874EF}.Release|ARM.ActiveCfg = Release|Any CPU
		{E79F46E1-217C-49F3-9D10-874E91C874EF}.Release|ARM.Build.0 = Release|Any CPU
		{E79F46E1-217C-49F3-9D10-874E91C874EF}.Release|x64.ActiveCfg = Release|Any CPU
		{E79F46E1-217C-49F3-9D10-874E91C874EF}.Release|x64.Build.0 = Release|Any CPU
		{E79F46E1-217C-49F3-9D10-874E91C874EF}.Release|x86.ActiveCfg = Release|Any CPU
		{E79F46E1-217C-49F3-9D10-874E91C874EF}.Release|x86.Build.0 = Release|Any CPU
		{BD4A859E-B7BD-4D6A-B579-87C3C1746114}.Debug|Any CPU.ActiveCfg = Debug|Any CPU
		{BD4A859E-B7BD-4D6A-B579-87C3C1746114}.Debug|Any CPU.Build.0 = Debug|Any CPU
		{BD4A859E-B7BD-4D6A-B579-87C3C1746114}.Debug|ARM.ActiveCfg = Debug|Any CPU
		{BD4A859E-B7BD-4D6A-B579-87C3C1746114}.Debug|ARM.Build.0 = Debug|Any CPU
		{BD4A859E-B7BD-4D6A-B579-87C3C1746114}.Debug|x64.ActiveCfg = Debug|Any CPU
		{BD4A859E-B7BD-4D6A-B579-87C3C1746114}.Debug|x64.Build.0 = Debug|Any CPU
		{BD4A859E-B7BD-4D6A-B579-87C3C1746114}.Debug|x86.ActiveCfg = Debug|Any CPU
		{BD4A859E-B7BD-4D6A-B579-87C3C1746114}.Debug|x86.Build.0 = Debug|Any CPU
		{BD4A859E-B7BD-4D6A-B579-87C3C1746114}.Release|Any CPU.ActiveCfg = Release|Any CPU
		{BD4A859E-B7BD-4D6A-B579-87C3C1746114}.Release|Any CPU.Build.0 = Release|Any CPU
		{BD4A859E-B7BD-4D6A-B579-87C3C1746114}.Release|ARM.ActiveCfg = Release|Any CPU
		{BD4A859E-B7BD-4D6A-B579-87C3C1746114}.Release|ARM.Build.0 = Release|Any CPU
		{BD4A859E-B7BD-4D6A-B579-87C3C1746114}.Release|x64.ActiveCfg = Release|Any CPU
		{BD4A859E-B7BD-4D6A-B579-87C3C1746114}.Release|x64.Build.0 = Release|Any CPU
		{BD4A859E-B7BD-4D6A-B579-87C3C1746114}.Release|x86.ActiveCfg = Release|Any CPU
		{BD4A859E-B7BD-4D6A-B579-87C3C1746114}.Release|x86.Build.0 = Release|Any CPU
		{7482525F-2DC4-400A-B83E-B21D3920440F}.Debug|Any CPU.ActiveCfg = Debug|Any CPU
		{7482525F-2DC4-400A-B83E-B21D3920440F}.Debug|Any CPU.Build.0 = Debug|Any CPU
		{7482525F-2DC4-400A-B83E-B21D3920440F}.Debug|ARM.ActiveCfg = Debug|Any CPU
		{7482525F-2DC4-400A-B83E-B21D3920440F}.Debug|ARM.Build.0 = Debug|Any CPU
		{7482525F-2DC4-400A-B83E-B21D3920440F}.Debug|x64.ActiveCfg = Debug|Any CPU
		{7482525F-2DC4-400A-B83E-B21D3920440F}.Debug|x64.Build.0 = Debug|Any CPU
		{7482525F-2DC4-400A-B83E-B21D3920440F}.Debug|x86.ActiveCfg = Debug|Any CPU
		{7482525F-2DC4-400A-B83E-B21D3920440F}.Debug|x86.Build.0 = Debug|Any CPU
		{7482525F-2DC4-400A-B83E-B21D3920440F}.Release|Any CPU.ActiveCfg = Release|Any CPU
		{7482525F-2DC4-400A-B83E-B21D3920440F}.Release|Any CPU.Build.0 = Release|Any CPU
		{7482525F-2DC4-400A-B83E-B21D3920440F}.Release|ARM.ActiveCfg = Release|Any CPU
		{7482525F-2DC4-400A-B83E-B21D3920440F}.Release|ARM.Build.0 = Release|Any CPU
		{7482525F-2DC4-400A-B83E-B21D3920440F}.Release|x64.ActiveCfg = Release|Any CPU
		{7482525F-2DC4-400A-B83E-B21D3920440F}.Release|x64.Build.0 = Release|Any CPU
		{7482525F-2DC4-400A-B83E-B21D3920440F}.Release|x86.ActiveCfg = Release|Any CPU
		{7482525F-2DC4-400A-B83E-B21D3920440F}.Release|x86.Build.0 = Release|Any CPU
		{26F89347-9092-4EC6-8858-4E08E8918592}.Debug|Any CPU.ActiveCfg = Debug|Any CPU
		{26F89347-9092-4EC6-8858-4E08E8918592}.Debug|Any CPU.Build.0 = Debug|Any CPU
		{26F89347-9092-4EC6-8858-4E08E8918592}.Debug|ARM.ActiveCfg = Debug|Any CPU
		{26F89347-9092-4EC6-8858-4E08E8918592}.Debug|ARM.Build.0 = Debug|Any CPU
		{26F89347-9092-4EC6-8858-4E08E8918592}.Debug|x64.ActiveCfg = Debug|Any CPU
		{26F89347-9092-4EC6-8858-4E08E8918592}.Debug|x64.Build.0 = Debug|Any CPU
		{26F89347-9092-4EC6-8858-4E08E8918592}.Debug|x86.ActiveCfg = Debug|Any CPU
		{26F89347-9092-4EC6-8858-4E08E8918592}.Debug|x86.Build.0 = Debug|Any CPU
		{26F89347-9092-4EC6-8858-4E08E8918592}.Release|Any CPU.ActiveCfg = Release|Any CPU
		{26F89347-9092-4EC6-8858-4E08E8918592}.Release|Any CPU.Build.0 = Release|Any CPU
		{26F89347-9092-4EC6-8858-4E08E8918592}.Release|ARM.ActiveCfg = Release|Any CPU
		{26F89347-9092-4EC6-8858-4E08E8918592}.Release|ARM.Build.0 = Release|Any CPU
		{26F89347-9092-4EC6-8858-4E08E8918592}.Release|x64.ActiveCfg = Release|Any CPU
		{26F89347-9092-4EC6-8858-4E08E8918592}.Release|x64.Build.0 = Release|Any CPU
		{26F89347-9092-4EC6-8858-4E08E8918592}.Release|x86.ActiveCfg = Release|Any CPU
		{26F89347-9092-4EC6-8858-4E08E8918592}.Release|x86.Build.0 = Release|Any CPU
		{37E9AF99-5522-4C96-BF79-386BB70AA930}.Debug|Any CPU.ActiveCfg = Debug|Any CPU
		{37E9AF99-5522-4C96-BF79-386BB70AA930}.Debug|Any CPU.Build.0 = Debug|Any CPU
		{37E9AF99-5522-4C96-BF79-386BB70AA930}.Debug|ARM.ActiveCfg = Debug|Any CPU
		{37E9AF99-5522-4C96-BF79-386BB70AA930}.Debug|ARM.Build.0 = Debug|Any CPU
		{37E9AF99-5522-4C96-BF79-386BB70AA930}.Debug|x64.ActiveCfg = Debug|Any CPU
		{37E9AF99-5522-4C96-BF79-386BB70AA930}.Debug|x64.Build.0 = Debug|Any CPU
		{37E9AF99-5522-4C96-BF79-386BB70AA930}.Debug|x86.ActiveCfg = Debug|Any CPU
		{37E9AF99-5522-4C96-BF79-386BB70AA930}.Debug|x86.Build.0 = Debug|Any CPU
		{37E9AF99-5522-4C96-BF79-386BB70AA930}.Release|Any CPU.ActiveCfg = Release|Any CPU
		{37E9AF99-5522-4C96-BF79-386BB70AA930}.Release|Any CPU.Build.0 = Release|Any CPU
		{37E9AF99-5522-4C96-BF79-386BB70AA930}.Release|ARM.ActiveCfg = Release|Any CPU
		{37E9AF99-5522-4C96-BF79-386BB70AA930}.Release|ARM.Build.0 = Release|Any CPU
		{37E9AF99-5522-4C96-BF79-386BB70AA930}.Release|x64.ActiveCfg = Release|Any CPU
		{37E9AF99-5522-4C96-BF79-386BB70AA930}.Release|x64.Build.0 = Release|Any CPU
		{37E9AF99-5522-4C96-BF79-386BB70AA930}.Release|x86.ActiveCfg = Release|Any CPU
		{37E9AF99-5522-4C96-BF79-386BB70AA930}.Release|x86.Build.0 = Release|Any CPU
		{5373CB15-71E6-44A9-88F6-6A84686E36C9}.Debug|Any CPU.ActiveCfg = Debug|Any CPU
		{5373CB15-71E6-44A9-88F6-6A84686E36C9}.Debug|Any CPU.Build.0 = Debug|Any CPU
		{5373CB15-71E6-44A9-88F6-6A84686E36C9}.Debug|ARM.ActiveCfg = Debug|Any CPU
		{5373CB15-71E6-44A9-88F6-6A84686E36C9}.Debug|ARM.Build.0 = Debug|Any CPU
		{5373CB15-71E6-44A9-88F6-6A84686E36C9}.Debug|x64.ActiveCfg = Debug|Any CPU
		{5373CB15-71E6-44A9-88F6-6A84686E36C9}.Debug|x64.Build.0 = Debug|Any CPU
		{5373CB15-71E6-44A9-88F6-6A84686E36C9}.Debug|x86.ActiveCfg = Debug|Any CPU
		{5373CB15-71E6-44A9-88F6-6A84686E36C9}.Debug|x86.Build.0 = Debug|Any CPU
		{5373CB15-71E6-44A9-88F6-6A84686E36C9}.Release|Any CPU.ActiveCfg = Release|Any CPU
		{5373CB15-71E6-44A9-88F6-6A84686E36C9}.Release|Any CPU.Build.0 = Release|Any CPU
		{5373CB15-71E6-44A9-88F6-6A84686E36C9}.Release|ARM.ActiveCfg = Release|Any CPU
		{5373CB15-71E6-44A9-88F6-6A84686E36C9}.Release|ARM.Build.0 = Release|Any CPU
		{5373CB15-71E6-44A9-88F6-6A84686E36C9}.Release|x64.ActiveCfg = Release|Any CPU
		{5373CB15-71E6-44A9-88F6-6A84686E36C9}.Release|x64.Build.0 = Release|Any CPU
		{5373CB15-71E6-44A9-88F6-6A84686E36C9}.Release|x86.ActiveCfg = Release|Any CPU
		{5373CB15-71E6-44A9-88F6-6A84686E36C9}.Release|x86.Build.0 = Release|Any CPU
		{B8FB6D69-81AE-4BD6-AB52-0F96B14DC901}.Debug|Any CPU.ActiveCfg = Debug|Any CPU
		{B8FB6D69-81AE-4BD6-AB52-0F96B14DC901}.Debug|Any CPU.Build.0 = Debug|Any CPU
		{B8FB6D69-81AE-4BD6-AB52-0F96B14DC901}.Debug|ARM.ActiveCfg = Debug|Any CPU
		{B8FB6D69-81AE-4BD6-AB52-0F96B14DC901}.Debug|ARM.Build.0 = Debug|Any CPU
		{B8FB6D69-81AE-4BD6-AB52-0F96B14DC901}.Debug|x64.ActiveCfg = Debug|Any CPU
		{B8FB6D69-81AE-4BD6-AB52-0F96B14DC901}.Debug|x64.Build.0 = Debug|Any CPU
		{B8FB6D69-81AE-4BD6-AB52-0F96B14DC901}.Debug|x86.ActiveCfg = Debug|Any CPU
		{B8FB6D69-81AE-4BD6-AB52-0F96B14DC901}.Debug|x86.Build.0 = Debug|Any CPU
		{B8FB6D69-81AE-4BD6-AB52-0F96B14DC901}.Release|Any CPU.ActiveCfg = Release|Any CPU
		{B8FB6D69-81AE-4BD6-AB52-0F96B14DC901}.Release|Any CPU.Build.0 = Release|Any CPU
		{B8FB6D69-81AE-4BD6-AB52-0F96B14DC901}.Release|ARM.ActiveCfg = Release|Any CPU
		{B8FB6D69-81AE-4BD6-AB52-0F96B14DC901}.Release|ARM.Build.0 = Release|Any CPU
		{B8FB6D69-81AE-4BD6-AB52-0F96B14DC901}.Release|x64.ActiveCfg = Release|Any CPU
		{B8FB6D69-81AE-4BD6-AB52-0F96B14DC901}.Release|x64.Build.0 = Release|Any CPU
		{B8FB6D69-81AE-4BD6-AB52-0F96B14DC901}.Release|x86.ActiveCfg = Release|Any CPU
		{B8FB6D69-81AE-4BD6-AB52-0F96B14DC901}.Release|x86.Build.0 = Release|Any CPU
		{C934A74E-F5A1-45F1-8444-B943CA0DD521}.Debug|Any CPU.ActiveCfg = Debug|Any CPU
		{C934A74E-F5A1-45F1-8444-B943CA0DD521}.Debug|Any CPU.Build.0 = Debug|Any CPU
		{C934A74E-F5A1-45F1-8444-B943CA0DD521}.Debug|ARM.ActiveCfg = Debug|Any CPU
		{C934A74E-F5A1-45F1-8444-B943CA0DD521}.Debug|ARM.Build.0 = Debug|Any CPU
		{C934A74E-F5A1-45F1-8444-B943CA0DD521}.Debug|x64.ActiveCfg = Debug|Any CPU
		{C934A74E-F5A1-45F1-8444-B943CA0DD521}.Debug|x64.Build.0 = Debug|Any CPU
		{C934A74E-F5A1-45F1-8444-B943CA0DD521}.Debug|x86.ActiveCfg = Debug|Any CPU
		{C934A74E-F5A1-45F1-8444-B943CA0DD521}.Debug|x86.Build.0 = Debug|Any CPU
		{C934A74E-F5A1-45F1-8444-B943CA0DD521}.Release|Any CPU.ActiveCfg = Release|Any CPU
		{C934A74E-F5A1-45F1-8444-B943CA0DD521}.Release|Any CPU.Build.0 = Release|Any CPU
		{C934A74E-F5A1-45F1-8444-B943CA0DD521}.Release|ARM.ActiveCfg = Release|Any CPU
		{C934A74E-F5A1-45F1-8444-B943CA0DD521}.Release|ARM.Build.0 = Release|Any CPU
		{C934A74E-F5A1-45F1-8444-B943CA0DD521}.Release|x64.ActiveCfg = Release|Any CPU
		{C934A74E-F5A1-45F1-8444-B943CA0DD521}.Release|x64.Build.0 = Release|Any CPU
		{C934A74E-F5A1-45F1-8444-B943CA0DD521}.Release|x86.ActiveCfg = Release|Any CPU
		{C934A74E-F5A1-45F1-8444-B943CA0DD521}.Release|x86.Build.0 = Release|Any CPU
		{8133F268-82E1-430B-9A8B-300353D48600}.Debug|Any CPU.ActiveCfg = Debug|Any CPU
		{8133F268-82E1-430B-9A8B-300353D48600}.Debug|Any CPU.Build.0 = Debug|Any CPU
		{8133F268-82E1-430B-9A8B-300353D48600}.Debug|ARM.ActiveCfg = Debug|Any CPU
		{8133F268-82E1-430B-9A8B-300353D48600}.Debug|ARM.Build.0 = Debug|Any CPU
		{8133F268-82E1-430B-9A8B-300353D48600}.Debug|x64.ActiveCfg = Debug|Any CPU
		{8133F268-82E1-430B-9A8B-300353D48600}.Debug|x64.Build.0 = Debug|Any CPU
		{8133F268-82E1-430B-9A8B-300353D48600}.Debug|x86.ActiveCfg = Debug|Any CPU
		{8133F268-82E1-430B-9A8B-300353D48600}.Debug|x86.Build.0 = Debug|Any CPU
		{8133F268-82E1-430B-9A8B-300353D48600}.Release|Any CPU.ActiveCfg = Release|Any CPU
		{8133F268-82E1-430B-9A8B-300353D48600}.Release|Any CPU.Build.0 = Release|Any CPU
		{8133F268-82E1-430B-9A8B-300353D48600}.Release|ARM.ActiveCfg = Release|Any CPU
		{8133F268-82E1-430B-9A8B-300353D48600}.Release|ARM.Build.0 = Release|Any CPU
		{8133F268-82E1-430B-9A8B-300353D48600}.Release|x64.ActiveCfg = Release|Any CPU
		{8133F268-82E1-430B-9A8B-300353D48600}.Release|x64.Build.0 = Release|Any CPU
		{8133F268-82E1-430B-9A8B-300353D48600}.Release|x86.ActiveCfg = Release|Any CPU
		{8133F268-82E1-430B-9A8B-300353D48600}.Release|x86.Build.0 = Release|Any CPU
		{6144E0CF-88DD-4DBA-89CD-3098A9E99202}.Debug|Any CPU.ActiveCfg = Debug|Any CPU
		{6144E0CF-88DD-4DBA-89CD-3098A9E99202}.Debug|Any CPU.Build.0 = Debug|Any CPU
		{6144E0CF-88DD-4DBA-89CD-3098A9E99202}.Debug|ARM.ActiveCfg = Debug|Any CPU
		{6144E0CF-88DD-4DBA-89CD-3098A9E99202}.Debug|ARM.Build.0 = Debug|Any CPU
		{6144E0CF-88DD-4DBA-89CD-3098A9E99202}.Debug|x64.ActiveCfg = Debug|Any CPU
		{6144E0CF-88DD-4DBA-89CD-3098A9E99202}.Debug|x64.Build.0 = Debug|Any CPU
		{6144E0CF-88DD-4DBA-89CD-3098A9E99202}.Debug|x86.ActiveCfg = Debug|Any CPU
		{6144E0CF-88DD-4DBA-89CD-3098A9E99202}.Debug|x86.Build.0 = Debug|Any CPU
		{6144E0CF-88DD-4DBA-89CD-3098A9E99202}.Release|Any CPU.ActiveCfg = Release|Any CPU
		{6144E0CF-88DD-4DBA-89CD-3098A9E99202}.Release|Any CPU.Build.0 = Release|Any CPU
		{6144E0CF-88DD-4DBA-89CD-3098A9E99202}.Release|ARM.ActiveCfg = Release|Any CPU
		{6144E0CF-88DD-4DBA-89CD-3098A9E99202}.Release|ARM.Build.0 = Release|Any CPU
		{6144E0CF-88DD-4DBA-89CD-3098A9E99202}.Release|x64.ActiveCfg = Release|Any CPU
		{6144E0CF-88DD-4DBA-89CD-3098A9E99202}.Release|x64.Build.0 = Release|Any CPU
		{6144E0CF-88DD-4DBA-89CD-3098A9E99202}.Release|x86.ActiveCfg = Release|Any CPU
		{6144E0CF-88DD-4DBA-89CD-3098A9E99202}.Release|x86.Build.0 = Release|Any CPU
		{F43E1848-EFB5-427F-94E3-2CA44D9BC995}.Debug|Any CPU.ActiveCfg = Debug|Any CPU
		{F43E1848-EFB5-427F-94E3-2CA44D9BC995}.Debug|Any CPU.Build.0 = Debug|Any CPU
		{F43E1848-EFB5-427F-94E3-2CA44D9BC995}.Debug|ARM.ActiveCfg = Debug|Any CPU
		{F43E1848-EFB5-427F-94E3-2CA44D9BC995}.Debug|ARM.Build.0 = Debug|Any CPU
		{F43E1848-EFB5-427F-94E3-2CA44D9BC995}.Debug|x64.ActiveCfg = Debug|Any CPU
		{F43E1848-EFB5-427F-94E3-2CA44D9BC995}.Debug|x64.Build.0 = Debug|Any CPU
		{F43E1848-EFB5-427F-94E3-2CA44D9BC995}.Debug|x86.ActiveCfg = Debug|Any CPU
		{F43E1848-EFB5-427F-94E3-2CA44D9BC995}.Debug|x86.Build.0 = Debug|Any CPU
		{F43E1848-EFB5-427F-94E3-2CA44D9BC995}.Release|Any CPU.ActiveCfg = Release|Any CPU
		{F43E1848-EFB5-427F-94E3-2CA44D9BC995}.Release|Any CPU.Build.0 = Release|Any CPU
		{F43E1848-EFB5-427F-94E3-2CA44D9BC995}.Release|ARM.ActiveCfg = Release|Any CPU
		{F43E1848-EFB5-427F-94E3-2CA44D9BC995}.Release|ARM.Build.0 = Release|Any CPU
		{F43E1848-EFB5-427F-94E3-2CA44D9BC995}.Release|x64.ActiveCfg = Release|Any CPU
		{F43E1848-EFB5-427F-94E3-2CA44D9BC995}.Release|x64.Build.0 = Release|Any CPU
		{F43E1848-EFB5-427F-94E3-2CA44D9BC995}.Release|x86.ActiveCfg = Release|Any CPU
		{F43E1848-EFB5-427F-94E3-2CA44D9BC995}.Release|x86.Build.0 = Release|Any CPU
		{F8B2F575-E38E-430D-AE42-7742530A55B3}.Debug|Any CPU.ActiveCfg = Debug|Any CPU
		{F8B2F575-E38E-430D-AE42-7742530A55B3}.Debug|Any CPU.Build.0 = Debug|Any CPU
		{F8B2F575-E38E-430D-AE42-7742530A55B3}.Debug|ARM.ActiveCfg = Debug|Any CPU
		{F8B2F575-E38E-430D-AE42-7742530A55B3}.Debug|ARM.Build.0 = Debug|Any CPU
		{F8B2F575-E38E-430D-AE42-7742530A55B3}.Debug|x64.ActiveCfg = Debug|Any CPU
		{F8B2F575-E38E-430D-AE42-7742530A55B3}.Debug|x64.Build.0 = Debug|Any CPU
		{F8B2F575-E38E-430D-AE42-7742530A55B3}.Debug|x86.ActiveCfg = Debug|Any CPU
		{F8B2F575-E38E-430D-AE42-7742530A55B3}.Debug|x86.Build.0 = Debug|Any CPU
		{F8B2F575-E38E-430D-AE42-7742530A55B3}.Release|Any CPU.ActiveCfg = Release|Any CPU
		{F8B2F575-E38E-430D-AE42-7742530A55B3}.Release|Any CPU.Build.0 = Release|Any CPU
		{F8B2F575-E38E-430D-AE42-7742530A55B3}.Release|ARM.ActiveCfg = Release|Any CPU
		{F8B2F575-E38E-430D-AE42-7742530A55B3}.Release|ARM.Build.0 = Release|Any CPU
		{F8B2F575-E38E-430D-AE42-7742530A55B3}.Release|x64.ActiveCfg = Release|Any CPU
		{F8B2F575-E38E-430D-AE42-7742530A55B3}.Release|x64.Build.0 = Release|Any CPU
		{F8B2F575-E38E-430D-AE42-7742530A55B3}.Release|x86.ActiveCfg = Release|Any CPU
		{F8B2F575-E38E-430D-AE42-7742530A55B3}.Release|x86.Build.0 = Release|Any CPU
		{9F7C4D82-D36E-4455-AAB0-9B9554B48115}.Debug|Any CPU.ActiveCfg = Debug|Any CPU
		{9F7C4D82-D36E-4455-AAB0-9B9554B48115}.Debug|Any CPU.Build.0 = Debug|Any CPU
		{9F7C4D82-D36E-4455-AAB0-9B9554B48115}.Debug|ARM.ActiveCfg = Debug|Any CPU
		{9F7C4D82-D36E-4455-AAB0-9B9554B48115}.Debug|ARM.Build.0 = Debug|Any CPU
		{9F7C4D82-D36E-4455-AAB0-9B9554B48115}.Debug|x64.ActiveCfg = Debug|Any CPU
		{9F7C4D82-D36E-4455-AAB0-9B9554B48115}.Debug|x64.Build.0 = Debug|Any CPU
		{9F7C4D82-D36E-4455-AAB0-9B9554B48115}.Debug|x86.ActiveCfg = Debug|Any CPU
		{9F7C4D82-D36E-4455-AAB0-9B9554B48115}.Debug|x86.Build.0 = Debug|Any CPU
		{9F7C4D82-D36E-4455-AAB0-9B9554B48115}.Release|Any CPU.ActiveCfg = Release|Any CPU
		{9F7C4D82-D36E-4455-AAB0-9B9554B48115}.Release|Any CPU.Build.0 = Release|Any CPU
		{9F7C4D82-D36E-4455-AAB0-9B9554B48115}.Release|ARM.ActiveCfg = Release|Any CPU
		{9F7C4D82-D36E-4455-AAB0-9B9554B48115}.Release|ARM.Build.0 = Release|Any CPU
		{9F7C4D82-D36E-4455-AAB0-9B9554B48115}.Release|x64.ActiveCfg = Release|Any CPU
		{9F7C4D82-D36E-4455-AAB0-9B9554B48115}.Release|x64.Build.0 = Release|Any CPU
		{9F7C4D82-D36E-4455-AAB0-9B9554B48115}.Release|x86.ActiveCfg = Release|Any CPU
		{9F7C4D82-D36E-4455-AAB0-9B9554B48115}.Release|x86.Build.0 = Release|Any CPU
	EndGlobalSection
	GlobalSection(SolutionProperties) = preSolution
		HideSolutionNode = FALSE
	EndGlobalSection
	GlobalSection(NestedProjects) = preSolution
		{C83F862C-9393-40C4-A64C-94F6AB6A27E6} = {C1DF20B3-52C6-40EF-8727-3B229320451A}
		{9444EBBA-5391-418A-8D38-FD7DE96435C8} = {C1DF20B3-52C6-40EF-8727-3B229320451A}
		{54539A5A-5DE2-463A-9C09-88BCB95DFE39} = {25BAEB40-3C1A-4237-A37F-EAABCFE81C72}
		{BB621111-7038-4E5D-B88B-1A54580F28F4} = {B6124150-90BB-4DE1-87F6-925197544E2C}
		{25BAEB40-3C1A-4237-A37F-EAABCFE81C72} = {8AE6A0C8-4C48-4602-B9AB-D3EF4D3D5749}
		{30D2A33B-4668-4E3D-B2E9-C2408A4AE798} = {8AE6A0C8-4C48-4602-B9AB-D3EF4D3D5749}
		{644F8521-635E-4CCB-A256-96B17CB37894} = {B6124150-90BB-4DE1-87F6-925197544E2C}
		{08FDB537-513B-4E80-A5F9-C52A63B529B4} = {8AE6A0C8-4C48-4602-B9AB-D3EF4D3D5749}
		{BED315FF-28A6-46F4-9AA3-27C8AA655BBD} = {08FDB537-513B-4E80-A5F9-C52A63B529B4}
		{0197D1C2-74B2-4B94-8DB7-97AF3976F1E1} = {B6124150-90BB-4DE1-87F6-925197544E2C}
		{7A07D33B-2647-47D3-A948-BAA42E78B1E9} = {ED41EFEC-6FE0-4519-A1FA-C9C658168E1A}
		{3EC23D3F-9D60-462B-B978-740740505117} = {30D2A33B-4668-4E3D-B2E9-C2408A4AE798}
		{67C23B94-0318-4507-AD94-08BD1E288FB9} = {B6124150-90BB-4DE1-87F6-925197544E2C}
		{1AD7901A-C93A-4B3B-AF9B-E48A30AEEE28} = {ED41EFEC-6FE0-4519-A1FA-C9C658168E1A}
		{7F7C3FA6-02EA-43DB-830C-A2968CBD781A} = {B6124150-90BB-4DE1-87F6-925197544E2C}
		{0E38A1F3-78ED-4F45-B696-A71E178878EF} = {C1DF20B3-52C6-40EF-8727-3B229320451A}
		{259C3E7D-116D-4F3D-AC24-53C4D44F308A} = {ED41EFEC-6FE0-4519-A1FA-C9C658168E1A}
		{06595C4B-874B-4060-924B-D30C57C0BE45} = {B6124150-90BB-4DE1-87F6-925197544E2C}
		{EC6FC46E-4DC0-4C02-BDED-A5E282814A47} = {30D2A33B-4668-4E3D-B2E9-C2408A4AE798}
		{FF10BC40-A0AA-42B1-9560-D9D5DF1F2871} = {ED41EFEC-6FE0-4519-A1FA-C9C658168E1A}
		{17F0F9FE-0D3E-467E-9B7B-F492B31F315A} = {B6124150-90BB-4DE1-87F6-925197544E2C}
		{6910B861-F85D-4D2C-B4BF-D3FABC079DB0} = {30D2A33B-4668-4E3D-B2E9-C2408A4AE798}
		{7EDFE7C9-2268-43AF-A262-30650B626E0A} = {ED41EFEC-6FE0-4519-A1FA-C9C658168E1A}
		{DB40454F-F790-4F1D-8CB4-A4696F62F5FD} = {B6124150-90BB-4DE1-87F6-925197544E2C}
		{B036D724-C8E6-4649-8706-31FB52AB799B} = {C1DF20B3-52C6-40EF-8727-3B229320451A}
		{D4CA68D8-F34E-4045-A572-C16421998CF6} = {30D2A33B-4668-4E3D-B2E9-C2408A4AE798}
		{2CD77DC8-CB42-4619-8887-AE3C2C64CC64} = {ED41EFEC-6FE0-4519-A1FA-C9C658168E1A}
		{6E6BC9F9-DC62-44F5-A6F5-EF06C0189D09} = {B6124150-90BB-4DE1-87F6-925197544E2C}
		{E79F46E1-217C-49F3-9D10-874E91C874EF} = {B6124150-90BB-4DE1-87F6-925197544E2C}
		{BD4A859E-B7BD-4D6A-B579-87C3C1746114} = {ED41EFEC-6FE0-4519-A1FA-C9C658168E1A}
		{7482525F-2DC4-400A-B83E-B21D3920440F} = {30D2A33B-4668-4E3D-B2E9-C2408A4AE798}
		{26F89347-9092-4EC6-8858-4E08E8918592} = {B6124150-90BB-4DE1-87F6-925197544E2C}
		{37E9AF99-5522-4C96-BF79-386BB70AA930} = {08FDB537-513B-4E80-A5F9-C52A63B529B4}
		{5373CB15-71E6-44A9-88F6-6A84686E36C9} = {ED41EFEC-6FE0-4519-A1FA-C9C658168E1A}
		{B8FB6D69-81AE-4BD6-AB52-0F96B14DC901} = {30D2A33B-4668-4E3D-B2E9-C2408A4AE798}
		{C934A74E-F5A1-45F1-8444-B943CA0DD521} = {B6124150-90BB-4DE1-87F6-925197544E2C}
		{8133F268-82E1-430B-9A8B-300353D48600} = {25BAEB40-3C1A-4237-A37F-EAABCFE81C72}
		{6144E0CF-88DD-4DBA-89CD-3098A9E99202} = {ED41EFEC-6FE0-4519-A1FA-C9C658168E1A}
		{F43E1848-EFB5-427F-94E3-2CA44D9BC995} = {30D2A33B-4668-4E3D-B2E9-C2408A4AE798}
		{F8B2F575-E38E-430D-AE42-7742530A55B3} = {B6124150-90BB-4DE1-87F6-925197544E2C}
		{9F7C4D82-D36E-4455-AAB0-9B9554B48115} = {B6124150-90BB-4DE1-87F6-925197544E2C}
	EndGlobalSection
EndGlobal
